// !$*UTF8*$!
{
	archiveVersion = 1;
	classes = {
	};
	objectVersion = 46;
	objects = {

/* Begin PBXBuildFile section */
		6A9D49481619805D009D846B /* Guidelines_Table.csv in Resources */ = {isa = PBXBuildFile; fileRef = 6A9D49471619805D009D846B /* Guidelines_Table.csv */; };
		6ADE5E87160052F600D76A53 /* UIKit.framework in Frameworks */ = {isa = PBXBuildFile; fileRef = 6ADE5E86160052F600D76A53 /* UIKit.framework */; };
		6ADE5E89160052F600D76A53 /* Foundation.framework in Frameworks */ = {isa = PBXBuildFile; fileRef = 6ADE5E88160052F600D76A53 /* Foundation.framework */; };
		6ADE5E8B160052F600D76A53 /* CoreGraphics.framework in Frameworks */ = {isa = PBXBuildFile; fileRef = 6ADE5E8A160052F600D76A53 /* CoreGraphics.framework */; };
		6ADEA8E0160707BA00A14E45 /* CoreData.framework in Frameworks */ = {isa = PBXBuildFile; fileRef = 6ADEA8DE160707A100A14E45 /* CoreData.framework */; };
		6ADF821B161956D600E8FCA3 /* Contact_details.m in Sources */ = {isa = PBXBuildFile; fileRef = 6ADF8212161956D600E8FCA3 /* Contact_details.m */; };
		6ADF821C161956D600E8FCA3 /* ContactType.m in Sources */ = {isa = PBXBuildFile; fileRef = 6ADF8214161956D600E8FCA3 /* ContactType.m */; };
		6ADF821D161956D600E8FCA3 /* Description.m in Sources */ = {isa = PBXBuildFile; fileRef = 6ADF8216161956D600E8FCA3 /* Description.m */; };
		6ADF821E161956D600E8FCA3 /* Favorites.m in Sources */ = {isa = PBXBuildFile; fileRef = 6ADF8218161956D600E8FCA3 /* Favorites.m */; };
		6ADF821F161956D600E8FCA3 /* Product.m in Sources */ = {isa = PBXBuildFile; fileRef = 6ADF821A161956D600E8FCA3 /* Product.m */; };
		6ADF823C1619590500E8FCA3 /* main.m in Sources */ = {isa = PBXBuildFile; fileRef = 6ADF82391619590500E8FCA3 /* main.m */; };
		6ADF823D1619590500E8FCA3 /* USArmySFC-Info.plist in Resources */ = {isa = PBXBuildFile; fileRef = 6ADF823A1619590500E8FCA3 /* USArmySFC-Info.plist */; };
		6ADF82C5161959F300E8FCA3 /* arrow.png in Resources */ = {isa = PBXBuildFile; fileRef = 6ADF8242161959F300E8FCA3 /* arrow.png */; };
		6ADF82C6161959F300E8FCA3 /* Bg.png in Resources */ = {isa = PBXBuildFile; fileRef = 6ADF8243161959F300E8FCA3 /* Bg.png */; };
		6ADF82C7161959F300E8FCA3 /* Bg2.png in Resources */ = {isa = PBXBuildFile; fileRef = 6ADF8244161959F300E8FCA3 /* Bg2.png */; };
		6ADF82CB161959F300E8FCA3 /* Details.rtf in Resources */ = {isa = PBXBuildFile; fileRef = 6ADF8248161959F300E8FCA3 /* Details.rtf */; };
		6ADF82CD161959F300E8FCA3 /* icon_collapse.png in Resources */ = {isa = PBXBuildFile; fileRef = 6ADF824A161959F300E8FCA3 /* icon_collapse.png */; };
		6ADF82CE161959F300E8FCA3 /* icon_expand.png in Resources */ = {isa = PBXBuildFile; fileRef = 6ADF824B161959F300E8FCA3 /* icon_expand.png */; };
		6ADF82CF161959F300E8FCA3 /* list_bottom.png in Resources */ = {isa = PBXBuildFile; fileRef = 6ADF824C161959F300E8FCA3 /* list_bottom.png */; };
		6ADF82D0161959F300E8FCA3 /* list_middle.png in Resources */ = {isa = PBXBuildFile; fileRef = 6ADF824D161959F300E8FCA3 /* list_middle.png */; };
		6ADF82D1161959F300E8FCA3 /* list_top.png in Resources */ = {isa = PBXBuildFile; fileRef = 6ADF824E161959F300E8FCA3 /* list_top.png */; };
		6ADF82D2161959F300E8FCA3 /* nav_btn_cancel_normal.png in Resources */ = {isa = PBXBuildFile; fileRef = 6ADF824F161959F300E8FCA3 /* nav_btn_cancel_normal.png */; };
		6ADF82D3161959F300E8FCA3 /* nav_btn_cancel_pressed.png in Resources */ = {isa = PBXBuildFile; fileRef = 6ADF8250161959F300E8FCA3 /* nav_btn_cancel_pressed.png */; };
		6ADF82D4161959F300E8FCA3 /* nav_btn_done_normal.png in Resources */ = {isa = PBXBuildFile; fileRef = 6ADF8251161959F300E8FCA3 /* nav_btn_done_normal.png */; };
		6ADF82D5161959F300E8FCA3 /* nav_btn_done_pressed.png in Resources */ = {isa = PBXBuildFile; fileRef = 6ADF8252161959F300E8FCA3 /* nav_btn_done_pressed.png */; };
		6ADF82D6161959F300E8FCA3 /* nav_btn_edit_normal.png in Resources */ = {isa = PBXBuildFile; fileRef = 6ADF8253161959F300E8FCA3 /* nav_btn_edit_normal.png */; };
		6ADF82D7161959F300E8FCA3 /* nav_btn_edit_pressed.png in Resources */ = {isa = PBXBuildFile; fileRef = 6ADF8254161959F300E8FCA3 /* nav_btn_edit_pressed.png */; };
		6ADF82D8161959F300E8FCA3 /* nav_btn_feedback_normal.png in Resources */ = {isa = PBXBuildFile; fileRef = 6ADF8255161959F300E8FCA3 /* nav_btn_feedback_normal.png */; };
		6ADF82D9161959F300E8FCA3 /* nav_btn_feedback_pressed.png in Resources */ = {isa = PBXBuildFile; fileRef = 6ADF8256161959F300E8FCA3 /* nav_btn_feedback_pressed.png */; };
		6ADF82DA161959F300E8FCA3 /* nav_btn_products_normal.png in Resources */ = {isa = PBXBuildFile; fileRef = 6ADF8257161959F300E8FCA3 /* nav_btn_products_normal.png */; };
		6ADF82DB161959F300E8FCA3 /* nav_btn_products_pressed.png in Resources */ = {isa = PBXBuildFile; fileRef = 6ADF8258161959F300E8FCA3 /* nav_btn_products_pressed.png */; };
		6ADF82DC161959F300E8FCA3 /* nav_btn_unitsinfo_normal.png in Resources */ = {isa = PBXBuildFile; fileRef = 6ADF8259161959F300E8FCA3 /* nav_btn_unitsinfo_normal.png */; };
		6ADF82DD161959F300E8FCA3 /* nav_btn_unitsinfo_pressed.png in Resources */ = {isa = PBXBuildFile; fileRef = 6ADF825A161959F300E8FCA3 /* nav_btn_unitsinfo_pressed.png */; };
		6ADF82DE161959F300E8FCA3 /* nav_btn_update_normal.png in Resources */ = {isa = PBXBuildFile; fileRef = 6ADF825B161959F300E8FCA3 /* nav_btn_update_normal.png */; };
		6ADF82DF161959F300E8FCA3 /* nav_btn_update_pressed.png in Resources */ = {isa = PBXBuildFile; fileRef = 6ADF825C161959F300E8FCA3 /* nav_btn_update_pressed.png */; };
		6ADF82E0161959F300E8FCA3 /* star.png in Resources */ = {isa = PBXBuildFile; fileRef = 6ADF825D161959F300E8FCA3 /* star.png */; };
		6ADF82E1161959F300E8FCA3 /* star_normal.png in Resources */ = {isa = PBXBuildFile; fileRef = 6ADF825E161959F300E8FCA3 /* star_normal.png */; };
		6ADF82E2161959F300E8FCA3 /* tab_cards_normal.png in Resources */ = {isa = PBXBuildFile; fileRef = 6ADF825F161959F300E8FCA3 /* tab_cards_normal.png */; };
		6ADF82E3161959F300E8FCA3 /* tab_cards_selected.png in Resources */ = {isa = PBXBuildFile; fileRef = 6ADF8260161959F300E8FCA3 /* tab_cards_selected.png */; };
		6ADF82E4161959F300E8FCA3 /* tab_fav_normal.png in Resources */ = {isa = PBXBuildFile; fileRef = 6ADF8261161959F300E8FCA3 /* tab_fav_normal.png */; };
		6ADF82E5161959F300E8FCA3 /* tab_fav_selected.png in Resources */ = {isa = PBXBuildFile; fileRef = 6ADF8262161959F300E8FCA3 /* tab_fav_selected.png */; };
		6ADF82E6161959F300E8FCA3 /* tab_more_normal.png in Resources */ = {isa = PBXBuildFile; fileRef = 6ADF8263161959F300E8FCA3 /* tab_more_normal.png */; };
		6ADF82E7161959F300E8FCA3 /* tab_more_selected.png in Resources */ = {isa = PBXBuildFile; fileRef = 6ADF8264161959F300E8FCA3 /* tab_more_selected.png */; };
		6ADF82E8161959F300E8FCA3 /* btn_air_normal.png in Resources */ = {isa = PBXBuildFile; fileRef = 6ADF8266161959F300E8FCA3 /* btn_air_normal.png */; };
		6ADF82E9161959F300E8FCA3 /* btn_air_pressed.png in Resources */ = {isa = PBXBuildFile; fileRef = 6ADF8267161959F300E8FCA3 /* btn_air_pressed.png */; };
		6ADF82EA161959F300E8FCA3 /* btn_minus.png in Resources */ = {isa = PBXBuildFile; fileRef = 6ADF8268161959F300E8FCA3 /* btn_minus.png */; };
		6ADF82EB161959F300E8FCA3 /* btn_plus.png in Resources */ = {isa = PBXBuildFile; fileRef = 6ADF8269161959F300E8FCA3 /* btn_plus.png */; };
		6ADF82EC161959F300E8FCA3 /* btn_request_normal.png in Resources */ = {isa = PBXBuildFile; fileRef = 6ADF826A161959F300E8FCA3 /* btn_request_normal.png */; };
		6ADF82ED161959F300E8FCA3 /* btn_request_pressed.png in Resources */ = {isa = PBXBuildFile; fileRef = 6ADF826B161959F300E8FCA3 /* btn_request_pressed.png */; };
		6ADF82EE161959F300E8FCA3 /* cell_2divide_bottom.png in Resources */ = {isa = PBXBuildFile; fileRef = 6ADF826C161959F300E8FCA3 /* cell_2divide_bottom.png */; };
		6ADF82EF161959F300E8FCA3 /* cell_2divide_middle.png in Resources */ = {isa = PBXBuildFile; fileRef = 6ADF826D161959F300E8FCA3 /* cell_2divide_middle.png */; };
		6ADF82F0161959F300E8FCA3 /* cell_2divide_top.png in Resources */ = {isa = PBXBuildFile; fileRef = 6ADF826E161959F300E8FCA3 /* cell_2divide_top.png */; };
		6ADF82F1161959F300E8FCA3 /* cell_3divide_bottom.png in Resources */ = {isa = PBXBuildFile; fileRef = 6ADF826F161959F300E8FCA3 /* cell_3divide_bottom.png */; };
		6ADF82F2161959F300E8FCA3 /* cell_3divide_top.png in Resources */ = {isa = PBXBuildFile; fileRef = 6ADF8270161959F300E8FCA3 /* cell_3divide_top.png */; };
		6ADF82F3161959F300E8FCA3 /* cell_single.png in Resources */ = {isa = PBXBuildFile; fileRef = 6ADF8271161959F300E8FCA3 /* cell_single.png */; };
		6ADF82F4161959F300E8FCA3 /* custom_entry_bottom_normal.png in Resources */ = {isa = PBXBuildFile; fileRef = 6ADF8272161959F300E8FCA3 /* custom_entry_bottom_normal.png */; };
		6ADF82F5161959F300E8FCA3 /* custom_entry_bottom_selected.png in Resources */ = {isa = PBXBuildFile; fileRef = 6ADF8273161959F300E8FCA3 /* custom_entry_bottom_selected.png */; };
		6ADF82F6161959F300E8FCA3 /* custom_entry_top_normal.png in Resources */ = {isa = PBXBuildFile; fileRef = 6ADF8274161959F300E8FCA3 /* custom_entry_top_normal.png */; };
		6ADF82F7161959F300E8FCA3 /* custom_entry_top_selected.png in Resources */ = {isa = PBXBuildFile; fileRef = 6ADF8275161959F300E8FCA3 /* custom_entry_top_selected.png */; };
		6ADF82F8161959F300E8FCA3 /* icon.png in Resources */ = {isa = PBXBuildFile; fileRef = 6ADF8276161959F300E8FCA3 /* icon.png */; };
		6ADF82F9161959F300E8FCA3 /* tab_btn_guidelines_normal.png in Resources */ = {isa = PBXBuildFile; fileRef = 6ADF8277161959F300E8FCA3 /* tab_btn_guidelines_normal.png */; };
		6ADF82FA161959F300E8FCA3 /* tab_btn_guidelines_pressed.png in Resources */ = {isa = PBXBuildFile; fileRef = 6ADF8278161959F300E8FCA3 /* tab_btn_guidelines_pressed.png */; };
		6ADF82FB161959F300E8FCA3 /* tab_btn_maps_normal.png in Resources */ = {isa = PBXBuildFile; fileRef = 6ADF8279161959F300E8FCA3 /* tab_btn_maps_normal.png */; };
		6ADF82FC161959F300E8FCA3 /* tab_btn_maps_pressed.png in Resources */ = {isa = PBXBuildFile; fileRef = 6ADF827A161959F300E8FCA3 /* tab_btn_maps_pressed.png */; };
		6ADF82FD161959F300E8FCA3 /* tab_btn_poc_normal.png in Resources */ = {isa = PBXBuildFile; fileRef = 6ADF827B161959F300E8FCA3 /* tab_btn_poc_normal.png */; };
		6ADF82FE161959F300E8FCA3 /* tab_btn_pressed_pressed.png in Resources */ = {isa = PBXBuildFile; fileRef = 6ADF827C161959F300E8FCA3 /* tab_btn_pressed_pressed.png */; };
		6ADF82FF161959F300E8FCA3 /* Screen shot 2011-09-15 at 3.32.14 PM.png in Resources */ = {isa = PBXBuildFile; fileRef = 6ADF827E161959F300E8FCA3 /* Screen shot 2011-09-15 at 3.32.14 PM.png */; };
		6ADF8300161959F300E8FCA3 /* Screen shot 2011-09-15 at 3.32.30 PM.png in Resources */ = {isa = PBXBuildFile; fileRef = 6ADF827F161959F300E8FCA3 /* Screen shot 2011-09-15 at 3.32.30 PM.png */; };
		6ADF8301161959F300E8FCA3 /* Screen shot 2011-09-15 at 3.32.37 PM.png in Resources */ = {isa = PBXBuildFile; fileRef = 6ADF8280161959F300E8FCA3 /* Screen shot 2011-09-15 at 3.32.37 PM.png */; };
		6ADF8302161959F300E8FCA3 /* Screen shot 2011-09-15 at 3.32.53 PM.png in Resources */ = {isa = PBXBuildFile; fileRef = 6ADF8281161959F300E8FCA3 /* Screen shot 2011-09-15 at 3.32.53 PM.png */; };
		6ADF8303161959F300E8FCA3 /* Screen shot 2011-09-15 at 3.33.23 PM.png in Resources */ = {isa = PBXBuildFile; fileRef = 6ADF8282161959F300E8FCA3 /* Screen shot 2011-09-15 at 3.33.23 PM.png */; };
		6ADF8304161959F300E8FCA3 /* Screen shot 2011-09-15 at 3.33.33 PM.png in Resources */ = {isa = PBXBuildFile; fileRef = 6ADF8283161959F300E8FCA3 /* Screen shot 2011-09-15 at 3.33.33 PM.png */; };
		6ADF8305161959F300E8FCA3 /* Screen shot 2011-09-15 at 3.33.40 PM.png in Resources */ = {isa = PBXBuildFile; fileRef = 6ADF8284161959F300E8FCA3 /* Screen shot 2011-09-15 at 3.33.40 PM.png */; };
		6ADF8306161959F300E8FCA3 /* Screen shot 2011-09-15 at 3.34.02 PM.png in Resources */ = {isa = PBXBuildFile; fileRef = 6ADF8285161959F300E8FCA3 /* Screen shot 2011-09-15 at 3.34.02 PM.png */; };
		6ADF8307161959F300E8FCA3 /* Screen shot 2011-09-15 at 3.34.12 PM.png in Resources */ = {isa = PBXBuildFile; fileRef = 6ADF8286161959F300E8FCA3 /* Screen shot 2011-09-15 at 3.34.12 PM.png */; };
		6ADF8308161959F300E8FCA3 /* Screen shot 2011-09-15 at 3.34.21 PM.png in Resources */ = {isa = PBXBuildFile; fileRef = 6ADF8287161959F300E8FCA3 /* Screen shot 2011-09-15 at 3.34.21 PM.png */; };
		6ADF8309161959F300E8FCA3 /* Screen shot 2011-09-15 at 3.34.32 PM.png in Resources */ = {isa = PBXBuildFile; fileRef = 6ADF8288161959F300E8FCA3 /* Screen shot 2011-09-15 at 3.34.32 PM.png */; };
		6ADF830A161959F300E8FCA3 /* bullet.png in Resources */ = {isa = PBXBuildFile; fileRef = 6ADF828A161959F300E8FCA3 /* bullet.png */; };
		6ADF830B161959F300E8FCA3 /* cell_bottom.png in Resources */ = {isa = PBXBuildFile; fileRef = 6ADF828B161959F300E8FCA3 /* cell_bottom.png */; };
		6ADF830C161959F300E8FCA3 /* cell_divider.png in Resources */ = {isa = PBXBuildFile; fileRef = 6ADF828C161959F300E8FCA3 /* cell_divider.png */; };
		6ADF830D161959F300E8FCA3 /* cell_middle.png in Resources */ = {isa = PBXBuildFile; fileRef = 6ADF828D161959F300E8FCA3 /* cell_middle.png */; };
		6ADF830E161959F300E8FCA3 /* cell_top.png in Resources */ = {isa = PBXBuildFile; fileRef = 6ADF828E161959F300E8FCA3 /* cell_top.png */; };
		6ADF830F161959F300E8FCA3 /* note_divider.png in Resources */ = {isa = PBXBuildFile; fileRef = 6ADF828F161959F300E8FCA3 /* note_divider.png */; };
		6ADF8310161959F300E8FCA3 /* bg_1.png in Resources */ = {isa = PBXBuildFile; fileRef = 6ADF8291161959F300E8FCA3 /* bg_1.png */; };
		6ADF8311161959F300E8FCA3 /* bg_full.png in Resources */ = {isa = PBXBuildFile; fileRef = 6ADF8292161959F300E8FCA3 /* bg_full.png */; };
		6ADF8312161959F300E8FCA3 /* cell1.png in Resources */ = {isa = PBXBuildFile; fileRef = 6ADF8293161959F300E8FCA3 /* cell1.png */; };
		6ADF8313161959F300E8FCA3 /* cell2.png in Resources */ = {isa = PBXBuildFile; fileRef = 6ADF8294161959F300E8FCA3 /* cell2.png */; };
		6ADF8314161959F300E8FCA3 /* cell_repeat_middle.png in Resources */ = {isa = PBXBuildFile; fileRef = 6ADF8295161959F300E8FCA3 /* cell_repeat_middle.png */; };
		6ADF8315161959F300E8FCA3 /* gradient.png in Resources */ = {isa = PBXBuildFile; fileRef = 6ADF8296161959F300E8FCA3 /* gradient.png */; };
		6ADF8316161959F300E8FCA3 /* map_bg.png in Resources */ = {isa = PBXBuildFile; fileRef = 6ADF8297161959F300E8FCA3 /* map_bg.png */; };
		6ADF8317161959F300E8FCA3 /* Screen shot 2011-09-14 at 6.19.56 PM.png in Resources */ = {isa = PBXBuildFile; fileRef = 6ADF8299161959F300E8FCA3 /* Screen shot 2011-09-14 at 6.19.56 PM.png */; };
		6ADF8318161959F300E8FCA3 /* Screen shot 2011-09-14 at 6.20.23 PM.png in Resources */ = {isa = PBXBuildFile; fileRef = 6ADF829A161959F300E8FCA3 /* Screen shot 2011-09-14 at 6.20.23 PM.png */; };
		6ADF8319161959F300E8FCA3 /* Screen shot 2011-09-14 at 6.20.59 PM.png in Resources */ = {isa = PBXBuildFile; fileRef = 6ADF829B161959F300E8FCA3 /* Screen shot 2011-09-14 at 6.20.59 PM.png */; };
		6ADF831A161959F300E8FCA3 /* Screen shot 2011-09-14 at 6.21.53 PM.png in Resources */ = {isa = PBXBuildFile; fileRef = 6ADF829C161959F300E8FCA3 /* Screen shot 2011-09-14 at 6.21.53 PM.png */; };
		6ADF831B161959F300E8FCA3 /* Screen shot 2011-09-14 at 6.22.18 PM.png in Resources */ = {isa = PBXBuildFile; fileRef = 6ADF829D161959F300E8FCA3 /* Screen shot 2011-09-14 at 6.22.18 PM.png */; };
		6ADF831C161959F300E8FCA3 /* Screen shot 2011-09-14 at 6.23.07 PM.png in Resources */ = {isa = PBXBuildFile; fileRef = 6ADF829E161959F300E8FCA3 /* Screen shot 2011-09-14 at 6.23.07 PM.png */; };
		6ADF831D161959F300E8FCA3 /* Screen shot 2011-09-14 at 6.23.33 PM.png in Resources */ = {isa = PBXBuildFile; fileRef = 6ADF829F161959F300E8FCA3 /* Screen shot 2011-09-14 at 6.23.33 PM.png */; };
		6ADF831E161959F300E8FCA3 /* Screen shot 2011-09-14 at 6.23.57 PM.png in Resources */ = {isa = PBXBuildFile; fileRef = 6ADF82A0161959F300E8FCA3 /* Screen shot 2011-09-14 at 6.23.57 PM.png */; };
		6ADF831F161959F300E8FCA3 /* Screen shot 2011-09-14 at 6.24.07 PM.png in Resources */ = {isa = PBXBuildFile; fileRef = 6ADF82A1161959F300E8FCA3 /* Screen shot 2011-09-14 at 6.24.07 PM.png */; };
		6ADF8320161959F300E8FCA3 /* Screen shot 2011-09-14 at 6.24.15 PM.png in Resources */ = {isa = PBXBuildFile; fileRef = 6ADF82A2161959F300E8FCA3 /* Screen shot 2011-09-14 at 6.24.15 PM.png */; };
		6ADF8321161959F300E8FCA3 /* Screen shot 2011-09-14 at 6.25.12 PM.png in Resources */ = {isa = PBXBuildFile; fileRef = 6ADF82A3161959F300E8FCA3 /* Screen shot 2011-09-14 at 6.25.12 PM.png */; };
		6ADF8322161959F300E8FCA3 /* Screen shot 2011-09-14 at 6.25.49 PM.png in Resources */ = {isa = PBXBuildFile; fileRef = 6ADF82A4161959F300E8FCA3 /* Screen shot 2011-09-14 at 6.25.49 PM.png */; };
		6ADF8323161959F300E8FCA3 /* Screen shot 2011-09-14 at 6.26.17 PM.png in Resources */ = {isa = PBXBuildFile; fileRef = 6ADF82A5161959F300E8FCA3 /* Screen shot 2011-09-14 at 6.26.17 PM.png */; };
		6ADF8324161959F300E8FCA3 /* Screen shot 2011-09-14 at 6.26.28 PM.png in Resources */ = {isa = PBXBuildFile; fileRef = 6ADF82A6161959F300E8FCA3 /* Screen shot 2011-09-14 at 6.26.28 PM.png */; };
		6ADF8327161959F300E8FCA3 /* 1.4 Add to Favorites.jpg in Resources */ = {isa = PBXBuildFile; fileRef = 6ADF82AA161959F300E8FCA3 /* 1.4 Add to Favorites.jpg */; };
		6ADF8328161959F300E8FCA3 /* 1.5 About.jpg in Resources */ = {isa = PBXBuildFile; fileRef = 6ADF82AB161959F300E8FCA3 /* 1.5 About.jpg */; };
		6ADF8329161959F300E8FCA3 /* 2.1 SFC Product (Guidelines).jpg in Resources */ = {isa = PBXBuildFile; fileRef = 6ADF82AC161959F300E8FCA3 /* 2.1 SFC Product (Guidelines).jpg */; };
		6ADF832A161959F300E8FCA3 /* 2.3 SFC Product (POC).jpg in Resources */ = {isa = PBXBuildFile; fileRef = 6ADF82AD161959F300E8FCA3 /* 2.3 SFC Product (POC).jpg */; };
		6ADF832B161959F300E8FCA3 /* 2.5 Contact Details.jpg in Resources */ = {isa = PBXBuildFile; fileRef = 6ADF82AE161959F300E8FCA3 /* 2.5 Contact Details.jpg */; };
		6ADF832E161959F300E8FCA3 /* 1.2 All SFC Products.jpg in Resources */ = {isa = PBXBuildFile; fileRef = 6ADF82B2161959F300E8FCA3 /* 1.2 All SFC Products.jpg */; };
		6ADF832F161959F300E8FCA3 /* 1.3 Favorites.jpg in Resources */ = {isa = PBXBuildFile; fileRef = 6ADF82B3161959F300E8FCA3 /* 1.3 Favorites.jpg */; };
		6ADF8333161959F300E8FCA3 /* 2.2 Medical Evacuation Request 1.jpg in Resources */ = {isa = PBXBuildFile; fileRef = 6ADF82B7161959F300E8FCA3 /* 2.2 Medical Evacuation Request 1.jpg */; };
		6ADF8334161959F300E8FCA3 /* 2.2 Medical Evacuation Request 2.jpg in Resources */ = {isa = PBXBuildFile; fileRef = 6ADF82B8161959F300E8FCA3 /* 2.2 Medical Evacuation Request 2.jpg */; };
		6ADF8336161959F300E8FCA3 /* 2.4 SFC Product (Maps).jpg in Resources */ = {isa = PBXBuildFile; fileRef = 6ADF82BA161959F300E8FCA3 /* 2.4 SFC Product (Maps).jpg */; };
		6ADF8338161959F300E8FCA3 /* 2.6 Edit Contact Details.jpg in Resources */ = {isa = PBXBuildFile; fileRef = 6ADF82BC161959F300E8FCA3 /* 2.6 Edit Contact Details.jpg */; };
		6ADF8339161959F300E8FCA3 /* 2.7.1 Edit Points of Contact.jpg in Resources */ = {isa = PBXBuildFile; fileRef = 6ADF82BD161959F300E8FCA3 /* 2.7.1 Edit Points of Contact.jpg */; };
		6ADF833A161959F300E8FCA3 /* 2.7.2 Edit Points of Contact.jpg in Resources */ = {isa = PBXBuildFile; fileRef = 6ADF82BE161959F300E8FCA3 /* 2.7.2 Edit Points of Contact.jpg */; };
		6ADF833B161959F300E8FCA3 /* 2.8 Edit Notes.jpg in Resources */ = {isa = PBXBuildFile; fileRef = 6ADF82BF161959F300E8FCA3 /* 2.8 Edit Notes.jpg */; };
		6ADF833C161959F300E8FCA3 /* 2.9 Add Custom Entry.jpg in Resources */ = {isa = PBXBuildFile; fileRef = 6ADF82C0161959F300E8FCA3 /* 2.9 Add Custom Entry.jpg */; };
		6ADF833D161959F300E8FCA3 /* Splash Screen 0.2.mov in Resources */ = {isa = PBXBuildFile; fileRef = 6ADF82C2161959F300E8FCA3 /* Splash Screen 0.2.mov */; };
		6ADF833E161959F300E8FCA3 /* MainStoryboard.storyboard in Resources */ = {isa = PBXBuildFile; fileRef = 6ADF82C4161959F300E8FCA3 /* MainStoryboard.storyboard */; };
		6ADF834216195B1200E8FCA3 /* NSString+RemoveQuotes.m in Sources */ = {isa = PBXBuildFile; fileRef = 6ADF834116195B1200E8FCA3 /* NSString+RemoveQuotes.m */; };
		6ADF834616195B8000E8FCA3 /* SFCAppDelegate.m in Sources */ = {isa = PBXBuildFile; fileRef = 6ADF834516195B8000E8FCA3 /* SFCAppDelegate.m */; };
		6ADF834A16195BD900E8FCA3 /* CardDescription.m in Sources */ = {isa = PBXBuildFile; fileRef = 6ADF834916195BD900E8FCA3 /* CardDescription.m */; };
		6ADF834E16195C1300E8FCA3 /* ContactDetailDescription.m in Sources */ = {isa = PBXBuildFile; fileRef = 6ADF834D16195C1300E8FCA3 /* ContactDetailDescription.m */; };
		6ADF835216195C4400E8FCA3 /* DetailDescriptionViewController.m in Sources */ = {isa = PBXBuildFile; fileRef = 6ADF835116195C4400E8FCA3 /* DetailDescriptionViewController.m */; };
		6ADF835616195C8100E8FCA3 /* TableViewCell.m in Sources */ = {isa = PBXBuildFile; fileRef = 6ADF835516195C8100E8FCA3 /* TableViewCell.m */; };
		6ADF835A16195CA300E8FCA3 /* FileReaderLineByLine.m in Sources */ = {isa = PBXBuildFile; fileRef = 6ADF835916195CA300E8FCA3 /* FileReaderLineByLine.m */; };
		6ADF835E16195CD000E8FCA3 /* SFCViewController.m in Sources */ = {isa = PBXBuildFile; fileRef = 6ADF835D16195CD000E8FCA3 /* SFCViewController.m */; };
		6ADF83611619655500E8FCA3 /* projectplan.pdf in Resources */ = {isa = PBXBuildFile; fileRef = 6ADF83601619655500E8FCA3 /* projectplan.pdf */; };
		6ADF83641619656200E8FCA3 /* ArchitectureDiagram.pdf in Resources */ = {isa = PBXBuildFile; fileRef = 6ADF83631619656200E8FCA3 /* ArchitectureDiagram.pdf */; };
		6ADF83681619677300E8FCA3 /* Favorites.xcdatamodeld in Sources */ = {isa = PBXBuildFile; fileRef = 6ADF83661619677300E8FCA3 /* Favorites.xcdatamodeld */; };
		6ADF837116197AC900E8FCA3 /* Contacts-Table.csv in Resources */ = {isa = PBXBuildFile; fileRef = 6ADF836D16197AC900E8FCA3 /* Contacts-Table.csv */; };
		6ADF837416197AC900E8FCA3 /* SFC_content_formatted.xml in Resources */ = {isa = PBXBuildFile; fileRef = 6ADF837016197AC900E8FCA3 /* SFC_content_formatted.xml */; };
		6AE58D2016105506004434F9 /* QuartzCore.framework in Frameworks */ = {isa = PBXBuildFile; fileRef = 6AE58D1F16105505004434F9 /* QuartzCore.framework */; };
/* End PBXBuildFile section */

/* Begin PBXFileReference section */
		6A9D49471619805D009D846B /* Guidelines_Table.csv */ = {isa = PBXFileReference; fileEncoding = 4; lastKnownFileType = text; name = Guidelines_Table.csv; path = "../../../../US SFC/Guidelines_Table.csv"; sourceTree = "<group>"; };
		6ADE5E82160052F600D76A53 /* USArmySFC.app */ = {isa = PBXFileReference; explicitFileType = wrapper.application; includeInIndex = 0; path = USArmySFC.app; sourceTree = BUILT_PRODUCTS_DIR; };
		6ADE5E86160052F600D76A53 /* UIKit.framework */ = {isa = PBXFileReference; lastKnownFileType = wrapper.framework; name = UIKit.framework; path = System/Library/Frameworks/UIKit.framework; sourceTree = SDKROOT; };
		6ADE5E88160052F600D76A53 /* Foundation.framework */ = {isa = PBXFileReference; lastKnownFileType = wrapper.framework; name = Foundation.framework; path = System/Library/Frameworks/Foundation.framework; sourceTree = SDKROOT; };
		6ADE5E8A160052F600D76A53 /* CoreGraphics.framework */ = {isa = PBXFileReference; lastKnownFileType = wrapper.framework; name = CoreGraphics.framework; path = System/Library/Frameworks/CoreGraphics.framework; sourceTree = SDKROOT; };
		6ADEA8DE160707A100A14E45 /* CoreData.framework */ = {isa = PBXFileReference; lastKnownFileType = wrapper.framework; name = CoreData.framework; path = System/Library/Frameworks/CoreData.framework; sourceTree = SDKROOT; };
		6ADF8211161956D600E8FCA3 /* Contact_details.h */ = {isa = PBXFileReference; fileEncoding = 4; lastKnownFileType = sourcecode.c.h; path = Contact_details.h; sourceTree = "<group>"; };
		6ADF8212161956D600E8FCA3 /* Contact_details.m */ = {isa = PBXFileReference; fileEncoding = 4; lastKnownFileType = sourcecode.c.objc; path = Contact_details.m; sourceTree = "<group>"; };
		6ADF8213161956D600E8FCA3 /* ContactType.h */ = {isa = PBXFileReference; fileEncoding = 4; lastKnownFileType = sourcecode.c.h; path = ContactType.h; sourceTree = "<group>"; };
		6ADF8214161956D600E8FCA3 /* ContactType.m */ = {isa = PBXFileReference; fileEncoding = 4; lastKnownFileType = sourcecode.c.objc; path = ContactType.m; sourceTree = "<group>"; };
		6ADF8215161956D600E8FCA3 /* Description.h */ = {isa = PBXFileReference; fileEncoding = 4; lastKnownFileType = sourcecode.c.h; path = Description.h; sourceTree = "<group>"; };
		6ADF8216161956D600E8FCA3 /* Description.m */ = {isa = PBXFileReference; fileEncoding = 4; lastKnownFileType = sourcecode.c.objc; path = Description.m; sourceTree = "<group>"; };
		6ADF8217161956D600E8FCA3 /* Favorites.h */ = {isa = PBXFileReference; fileEncoding = 4; lastKnownFileType = sourcecode.c.h; path = Favorites.h; sourceTree = "<group>"; };
		6ADF8218161956D600E8FCA3 /* Favorites.m */ = {isa = PBXFileReference; fileEncoding = 4; lastKnownFileType = sourcecode.c.objc; path = Favorites.m; sourceTree = "<group>"; };
		6ADF8219161956D600E8FCA3 /* Product.h */ = {isa = PBXFileReference; fileEncoding = 4; lastKnownFileType = sourcecode.c.h; path = Product.h; sourceTree = "<group>"; };
		6ADF821A161956D600E8FCA3 /* Product.m */ = {isa = PBXFileReference; fileEncoding = 4; lastKnownFileType = sourcecode.c.objc; path = Product.m; sourceTree = "<group>"; };
		6ADF82391619590500E8FCA3 /* main.m */ = {isa = PBXFileReference; fileEncoding = 4; lastKnownFileType = sourcecode.c.objc; path = main.m; sourceTree = "<group>"; };
		6ADF823A1619590500E8FCA3 /* USArmySFC-Info.plist */ = {isa = PBXFileReference; fileEncoding = 4; lastKnownFileType = text.plist.xml; path = "USArmySFC-Info.plist"; sourceTree = "<group>"; };
		6ADF823B1619590500E8FCA3 /* USArmySFC-Prefix.pch */ = {isa = PBXFileReference; fileEncoding = 4; lastKnownFileType = sourcecode.c.h; path = "USArmySFC-Prefix.pch"; sourceTree = "<group>"; };
		6ADF8242161959F300E8FCA3 /* arrow.png */ = {isa = PBXFileReference; lastKnownFileType = image.png; path = arrow.png; sourceTree = "<group>"; };
		6ADF8243161959F300E8FCA3 /* Bg.png */ = {isa = PBXFileReference; lastKnownFileType = image.png; path = Bg.png; sourceTree = "<group>"; };
		6ADF8244161959F300E8FCA3 /* Bg2.png */ = {isa = PBXFileReference; lastKnownFileType = image.png; path = Bg2.png; sourceTree = "<group>"; };
		6ADF8245161959F300E8FCA3 /* cell_bottom.png */ = {isa = PBXFileReference; lastKnownFileType = image.png; path = cell_bottom.png; sourceTree = "<group>"; };
		6ADF8246161959F300E8FCA3 /* cell_middle.png */ = {isa = PBXFileReference; lastKnownFileType = image.png; path = cell_middle.png; sourceTree = "<group>"; };
		6ADF8247161959F300E8FCA3 /* cell_top.png */ = {isa = PBXFileReference; lastKnownFileType = image.png; path = cell_top.png; sourceTree = "<group>"; };
		6ADF8248161959F300E8FCA3 /* Details.rtf */ = {isa = PBXFileReference; fileEncoding = 4; lastKnownFileType = text.rtf; path = Details.rtf; sourceTree = "<group>"; };
		6ADF824A161959F300E8FCA3 /* icon_collapse.png */ = {isa = PBXFileReference; lastKnownFileType = image.png; path = icon_collapse.png; sourceTree = "<group>"; };
		6ADF824B161959F300E8FCA3 /* icon_expand.png */ = {isa = PBXFileReference; lastKnownFileType = image.png; path = icon_expand.png; sourceTree = "<group>"; };
		6ADF824C161959F300E8FCA3 /* list_bottom.png */ = {isa = PBXFileReference; lastKnownFileType = image.png; path = list_bottom.png; sourceTree = "<group>"; };
		6ADF824D161959F300E8FCA3 /* list_middle.png */ = {isa = PBXFileReference; lastKnownFileType = image.png; path = list_middle.png; sourceTree = "<group>"; };
		6ADF824E161959F300E8FCA3 /* list_top.png */ = {isa = PBXFileReference; lastKnownFileType = image.png; path = list_top.png; sourceTree = "<group>"; };
		6ADF824F161959F300E8FCA3 /* nav_btn_cancel_normal.png */ = {isa = PBXFileReference; lastKnownFileType = image.png; path = nav_btn_cancel_normal.png; sourceTree = "<group>"; };
		6ADF8250161959F300E8FCA3 /* nav_btn_cancel_pressed.png */ = {isa = PBXFileReference; lastKnownFileType = image.png; path = nav_btn_cancel_pressed.png; sourceTree = "<group>"; };
		6ADF8251161959F300E8FCA3 /* nav_btn_done_normal.png */ = {isa = PBXFileReference; lastKnownFileType = image.png; path = nav_btn_done_normal.png; sourceTree = "<group>"; };
		6ADF8252161959F300E8FCA3 /* nav_btn_done_pressed.png */ = {isa = PBXFileReference; lastKnownFileType = image.png; path = nav_btn_done_pressed.png; sourceTree = "<group>"; };
		6ADF8253161959F300E8FCA3 /* nav_btn_edit_normal.png */ = {isa = PBXFileReference; lastKnownFileType = image.png; path = nav_btn_edit_normal.png; sourceTree = "<group>"; };
		6ADF8254161959F300E8FCA3 /* nav_btn_edit_pressed.png */ = {isa = PBXFileReference; lastKnownFileType = image.png; path = nav_btn_edit_pressed.png; sourceTree = "<group>"; };
		6ADF8255161959F300E8FCA3 /* nav_btn_feedback_normal.png */ = {isa = PBXFileReference; lastKnownFileType = image.png; path = nav_btn_feedback_normal.png; sourceTree = "<group>"; };
		6ADF8256161959F300E8FCA3 /* nav_btn_feedback_pressed.png */ = {isa = PBXFileReference; lastKnownFileType = image.png; path = nav_btn_feedback_pressed.png; sourceTree = "<group>"; };
		6ADF8257161959F300E8FCA3 /* nav_btn_products_normal.png */ = {isa = PBXFileReference; lastKnownFileType = image.png; path = nav_btn_products_normal.png; sourceTree = "<group>"; };
		6ADF8258161959F300E8FCA3 /* nav_btn_products_pressed.png */ = {isa = PBXFileReference; lastKnownFileType = image.png; path = nav_btn_products_pressed.png; sourceTree = "<group>"; };
		6ADF8259161959F300E8FCA3 /* nav_btn_unitsinfo_normal.png */ = {isa = PBXFileReference; lastKnownFileType = image.png; path = nav_btn_unitsinfo_normal.png; sourceTree = "<group>"; };
		6ADF825A161959F300E8FCA3 /* nav_btn_unitsinfo_pressed.png */ = {isa = PBXFileReference; lastKnownFileType = image.png; path = nav_btn_unitsinfo_pressed.png; sourceTree = "<group>"; };
		6ADF825B161959F300E8FCA3 /* nav_btn_update_normal.png */ = {isa = PBXFileReference; lastKnownFileType = image.png; path = nav_btn_update_normal.png; sourceTree = "<group>"; };
		6ADF825C161959F300E8FCA3 /* nav_btn_update_pressed.png */ = {isa = PBXFileReference; lastKnownFileType = image.png; path = nav_btn_update_pressed.png; sourceTree = "<group>"; };
		6ADF825D161959F300E8FCA3 /* star.png */ = {isa = PBXFileReference; lastKnownFileType = image.png; path = star.png; sourceTree = "<group>"; };
		6ADF825E161959F300E8FCA3 /* star_normal.png */ = {isa = PBXFileReference; lastKnownFileType = image.png; path = star_normal.png; sourceTree = "<group>"; };
		6ADF825F161959F300E8FCA3 /* tab_cards_normal.png */ = {isa = PBXFileReference; lastKnownFileType = image.png; path = tab_cards_normal.png; sourceTree = "<group>"; };
		6ADF8260161959F300E8FCA3 /* tab_cards_selected.png */ = {isa = PBXFileReference; lastKnownFileType = image.png; path = tab_cards_selected.png; sourceTree = "<group>"; };
		6ADF8261161959F300E8FCA3 /* tab_fav_normal.png */ = {isa = PBXFileReference; lastKnownFileType = image.png; path = tab_fav_normal.png; sourceTree = "<group>"; };
		6ADF8262161959F300E8FCA3 /* tab_fav_selected.png */ = {isa = PBXFileReference; lastKnownFileType = image.png; path = tab_fav_selected.png; sourceTree = "<group>"; };
		6ADF8263161959F300E8FCA3 /* tab_more_normal.png */ = {isa = PBXFileReference; lastKnownFileType = image.png; path = tab_more_normal.png; sourceTree = "<group>"; };
		6ADF8264161959F300E8FCA3 /* tab_more_selected.png */ = {isa = PBXFileReference; lastKnownFileType = image.png; path = tab_more_selected.png; sourceTree = "<group>"; };
		6ADF8266161959F300E8FCA3 /* btn_air_normal.png */ = {isa = PBXFileReference; lastKnownFileType = image.png; path = btn_air_normal.png; sourceTree = "<group>"; };
		6ADF8267161959F300E8FCA3 /* btn_air_pressed.png */ = {isa = PBXFileReference; lastKnownFileType = image.png; path = btn_air_pressed.png; sourceTree = "<group>"; };
		6ADF8268161959F300E8FCA3 /* btn_minus.png */ = {isa = PBXFileReference; lastKnownFileType = image.png; path = btn_minus.png; sourceTree = "<group>"; };
		6ADF8269161959F300E8FCA3 /* btn_plus.png */ = {isa = PBXFileReference; lastKnownFileType = image.png; path = btn_plus.png; sourceTree = "<group>"; };
		6ADF826A161959F300E8FCA3 /* btn_request_normal.png */ = {isa = PBXFileReference; lastKnownFileType = image.png; path = btn_request_normal.png; sourceTree = "<group>"; };
		6ADF826B161959F300E8FCA3 /* btn_request_pressed.png */ = {isa = PBXFileReference; lastKnownFileType = image.png; path = btn_request_pressed.png; sourceTree = "<group>"; };
		6ADF826C161959F300E8FCA3 /* cell_2divide_bottom.png */ = {isa = PBXFileReference; lastKnownFileType = image.png; path = cell_2divide_bottom.png; sourceTree = "<group>"; };
		6ADF826D161959F300E8FCA3 /* cell_2divide_middle.png */ = {isa = PBXFileReference; lastKnownFileType = image.png; path = cell_2divide_middle.png; sourceTree = "<group>"; };
		6ADF826E161959F300E8FCA3 /* cell_2divide_top.png */ = {isa = PBXFileReference; lastKnownFileType = image.png; path = cell_2divide_top.png; sourceTree = "<group>"; };
		6ADF826F161959F300E8FCA3 /* cell_3divide_bottom.png */ = {isa = PBXFileReference; lastKnownFileType = image.png; path = cell_3divide_bottom.png; sourceTree = "<group>"; };
		6ADF8270161959F300E8FCA3 /* cell_3divide_top.png */ = {isa = PBXFileReference; lastKnownFileType = image.png; path = cell_3divide_top.png; sourceTree = "<group>"; };
		6ADF8271161959F300E8FCA3 /* cell_single.png */ = {isa = PBXFileReference; lastKnownFileType = image.png; path = cell_single.png; sourceTree = "<group>"; };
		6ADF8272161959F300E8FCA3 /* custom_entry_bottom_normal.png */ = {isa = PBXFileReference; lastKnownFileType = image.png; path = custom_entry_bottom_normal.png; sourceTree = "<group>"; };
		6ADF8273161959F300E8FCA3 /* custom_entry_bottom_selected.png */ = {isa = PBXFileReference; lastKnownFileType = image.png; path = custom_entry_bottom_selected.png; sourceTree = "<group>"; };
		6ADF8274161959F300E8FCA3 /* custom_entry_top_normal.png */ = {isa = PBXFileReference; lastKnownFileType = image.png; path = custom_entry_top_normal.png; sourceTree = "<group>"; };
		6ADF8275161959F300E8FCA3 /* custom_entry_top_selected.png */ = {isa = PBXFileReference; lastKnownFileType = image.png; path = custom_entry_top_selected.png; sourceTree = "<group>"; };
		6ADF8276161959F300E8FCA3 /* icon.png */ = {isa = PBXFileReference; lastKnownFileType = image.png; path = icon.png; sourceTree = "<group>"; };
		6ADF8277161959F300E8FCA3 /* tab_btn_guidelines_normal.png */ = {isa = PBXFileReference; lastKnownFileType = image.png; path = tab_btn_guidelines_normal.png; sourceTree = "<group>"; };
		6ADF8278161959F300E8FCA3 /* tab_btn_guidelines_pressed.png */ = {isa = PBXFileReference; lastKnownFileType = image.png; path = tab_btn_guidelines_pressed.png; sourceTree = "<group>"; };
		6ADF8279161959F300E8FCA3 /* tab_btn_maps_normal.png */ = {isa = PBXFileReference; lastKnownFileType = image.png; path = tab_btn_maps_normal.png; sourceTree = "<group>"; };
		6ADF827A161959F300E8FCA3 /* tab_btn_maps_pressed.png */ = {isa = PBXFileReference; lastKnownFileType = image.png; path = tab_btn_maps_pressed.png; sourceTree = "<group>"; };
		6ADF827B161959F300E8FCA3 /* tab_btn_poc_normal.png */ = {isa = PBXFileReference; lastKnownFileType = image.png; path = tab_btn_poc_normal.png; sourceTree = "<group>"; };
		6ADF827C161959F300E8FCA3 /* tab_btn_pressed_pressed.png */ = {isa = PBXFileReference; lastKnownFileType = image.png; path = tab_btn_pressed_pressed.png; sourceTree = "<group>"; };
		6ADF827E161959F300E8FCA3 /* Screen shot 2011-09-15 at 3.32.14 PM.png */ = {isa = PBXFileReference; lastKnownFileType = image.png; path = "Screen shot 2011-09-15 at 3.32.14 PM.png"; sourceTree = "<group>"; };
		6ADF827F161959F300E8FCA3 /* Screen shot 2011-09-15 at 3.32.30 PM.png */ = {isa = PBXFileReference; lastKnownFileType = image.png; path = "Screen shot 2011-09-15 at 3.32.30 PM.png"; sourceTree = "<group>"; };
		6ADF8280161959F300E8FCA3 /* Screen shot 2011-09-15 at 3.32.37 PM.png */ = {isa = PBXFileReference; lastKnownFileType = image.png; path = "Screen shot 2011-09-15 at 3.32.37 PM.png"; sourceTree = "<group>"; };
		6ADF8281161959F300E8FCA3 /* Screen shot 2011-09-15 at 3.32.53 PM.png */ = {isa = PBXFileReference; lastKnownFileType = image.png; path = "Screen shot 2011-09-15 at 3.32.53 PM.png"; sourceTree = "<group>"; };
		6ADF8282161959F300E8FCA3 /* Screen shot 2011-09-15 at 3.33.23 PM.png */ = {isa = PBXFileReference; lastKnownFileType = image.png; path = "Screen shot 2011-09-15 at 3.33.23 PM.png"; sourceTree = "<group>"; };
		6ADF8283161959F300E8FCA3 /* Screen shot 2011-09-15 at 3.33.33 PM.png */ = {isa = PBXFileReference; lastKnownFileType = image.png; path = "Screen shot 2011-09-15 at 3.33.33 PM.png"; sourceTree = "<group>"; };
		6ADF8284161959F300E8FCA3 /* Screen shot 2011-09-15 at 3.33.40 PM.png */ = {isa = PBXFileReference; lastKnownFileType = image.png; path = "Screen shot 2011-09-15 at 3.33.40 PM.png"; sourceTree = "<group>"; };
		6ADF8285161959F300E8FCA3 /* Screen shot 2011-09-15 at 3.34.02 PM.png */ = {isa = PBXFileReference; lastKnownFileType = image.png; path = "Screen shot 2011-09-15 at 3.34.02 PM.png"; sourceTree = "<group>"; };
		6ADF8286161959F300E8FCA3 /* Screen shot 2011-09-15 at 3.34.12 PM.png */ = {isa = PBXFileReference; lastKnownFileType = image.png; path = "Screen shot 2011-09-15 at 3.34.12 PM.png"; sourceTree = "<group>"; };
		6ADF8287161959F300E8FCA3 /* Screen shot 2011-09-15 at 3.34.21 PM.png */ = {isa = PBXFileReference; lastKnownFileType = image.png; path = "Screen shot 2011-09-15 at 3.34.21 PM.png"; sourceTree = "<group>"; };
		6ADF8288161959F300E8FCA3 /* Screen shot 2011-09-15 at 3.34.32 PM.png */ = {isa = PBXFileReference; lastKnownFileType = image.png; path = "Screen shot 2011-09-15 at 3.34.32 PM.png"; sourceTree = "<group>"; };
		6ADF828A161959F300E8FCA3 /* bullet.png */ = {isa = PBXFileReference; lastKnownFileType = image.png; path = bullet.png; sourceTree = "<group>"; };
		6ADF828B161959F300E8FCA3 /* cell_bottom.png */ = {isa = PBXFileReference; lastKnownFileType = image.png; path = cell_bottom.png; sourceTree = "<group>"; };
		6ADF828C161959F300E8FCA3 /* cell_divider.png */ = {isa = PBXFileReference; lastKnownFileType = image.png; path = cell_divider.png; sourceTree = "<group>"; };
		6ADF828D161959F300E8FCA3 /* cell_middle.png */ = {isa = PBXFileReference; lastKnownFileType = image.png; path = cell_middle.png; sourceTree = "<group>"; };
		6ADF828E161959F300E8FCA3 /* cell_top.png */ = {isa = PBXFileReference; lastKnownFileType = image.png; path = cell_top.png; sourceTree = "<group>"; };
		6ADF828F161959F300E8FCA3 /* note_divider.png */ = {isa = PBXFileReference; lastKnownFileType = image.png; path = note_divider.png; sourceTree = "<group>"; };
		6ADF8291161959F300E8FCA3 /* bg_1.png */ = {isa = PBXFileReference; lastKnownFileType = image.png; path = bg_1.png; sourceTree = "<group>"; };
		6ADF8292161959F300E8FCA3 /* bg_full.png */ = {isa = PBXFileReference; lastKnownFileType = image.png; path = bg_full.png; sourceTree = "<group>"; };
		6ADF8293161959F300E8FCA3 /* cell1.png */ = {isa = PBXFileReference; lastKnownFileType = image.png; path = cell1.png; sourceTree = "<group>"; };
		6ADF8294161959F300E8FCA3 /* cell2.png */ = {isa = PBXFileReference; lastKnownFileType = image.png; path = cell2.png; sourceTree = "<group>"; };
		6ADF8295161959F300E8FCA3 /* cell_repeat_middle.png */ = {isa = PBXFileReference; lastKnownFileType = image.png; path = cell_repeat_middle.png; sourceTree = "<group>"; };
		6ADF8296161959F300E8FCA3 /* gradient.png */ = {isa = PBXFileReference; lastKnownFileType = image.png; path = gradient.png; sourceTree = "<group>"; };
		6ADF8297161959F300E8FCA3 /* map_bg.png */ = {isa = PBXFileReference; lastKnownFileType = image.png; path = map_bg.png; sourceTree = "<group>"; };
		6ADF8299161959F300E8FCA3 /* Screen shot 2011-09-14 at 6.19.56 PM.png */ = {isa = PBXFileReference; lastKnownFileType = image.png; path = "Screen shot 2011-09-14 at 6.19.56 PM.png"; sourceTree = "<group>"; };
		6ADF829A161959F300E8FCA3 /* Screen shot 2011-09-14 at 6.20.23 PM.png */ = {isa = PBXFileReference; lastKnownFileType = image.png; path = "Screen shot 2011-09-14 at 6.20.23 PM.png"; sourceTree = "<group>"; };
		6ADF829B161959F300E8FCA3 /* Screen shot 2011-09-14 at 6.20.59 PM.png */ = {isa = PBXFileReference; lastKnownFileType = image.png; path = "Screen shot 2011-09-14 at 6.20.59 PM.png"; sourceTree = "<group>"; };
		6ADF829C161959F300E8FCA3 /* Screen shot 2011-09-14 at 6.21.53 PM.png */ = {isa = PBXFileReference; lastKnownFileType = image.png; path = "Screen shot 2011-09-14 at 6.21.53 PM.png"; sourceTree = "<group>"; };
		6ADF829D161959F300E8FCA3 /* Screen shot 2011-09-14 at 6.22.18 PM.png */ = {isa = PBXFileReference; lastKnownFileType = image.png; path = "Screen shot 2011-09-14 at 6.22.18 PM.png"; sourceTree = "<group>"; };
		6ADF829E161959F300E8FCA3 /* Screen shot 2011-09-14 at 6.23.07 PM.png */ = {isa = PBXFileReference; lastKnownFileType = image.png; path = "Screen shot 2011-09-14 at 6.23.07 PM.png"; sourceTree = "<group>"; };
		6ADF829F161959F300E8FCA3 /* Screen shot 2011-09-14 at 6.23.33 PM.png */ = {isa = PBXFileReference; lastKnownFileType = image.png; path = "Screen shot 2011-09-14 at 6.23.33 PM.png"; sourceTree = "<group>"; };
		6ADF82A0161959F300E8FCA3 /* Screen shot 2011-09-14 at 6.23.57 PM.png */ = {isa = PBXFileReference; lastKnownFileType = image.png; path = "Screen shot 2011-09-14 at 6.23.57 PM.png"; sourceTree = "<group>"; };
		6ADF82A1161959F300E8FCA3 /* Screen shot 2011-09-14 at 6.24.07 PM.png */ = {isa = PBXFileReference; lastKnownFileType = image.png; path = "Screen shot 2011-09-14 at 6.24.07 PM.png"; sourceTree = "<group>"; };
		6ADF82A2161959F300E8FCA3 /* Screen shot 2011-09-14 at 6.24.15 PM.png */ = {isa = PBXFileReference; lastKnownFileType = image.png; path = "Screen shot 2011-09-14 at 6.24.15 PM.png"; sourceTree = "<group>"; };
		6ADF82A3161959F300E8FCA3 /* Screen shot 2011-09-14 at 6.25.12 PM.png */ = {isa = PBXFileReference; lastKnownFileType = image.png; path = "Screen shot 2011-09-14 at 6.25.12 PM.png"; sourceTree = "<group>"; };
		6ADF82A4161959F300E8FCA3 /* Screen shot 2011-09-14 at 6.25.49 PM.png */ = {isa = PBXFileReference; lastKnownFileType = image.png; path = "Screen shot 2011-09-14 at 6.25.49 PM.png"; sourceTree = "<group>"; };
		6ADF82A5161959F300E8FCA3 /* Screen shot 2011-09-14 at 6.26.17 PM.png */ = {isa = PBXFileReference; lastKnownFileType = image.png; path = "Screen shot 2011-09-14 at 6.26.17 PM.png"; sourceTree = "<group>"; };
		6ADF82A6161959F300E8FCA3 /* Screen shot 2011-09-14 at 6.26.28 PM.png */ = {isa = PBXFileReference; lastKnownFileType = image.png; path = "Screen shot 2011-09-14 at 6.26.28 PM.png"; sourceTree = "<group>"; };
		6ADF82A8161959F300E8FCA3 /* 1.2 All SFC Products.jpg */ = {isa = PBXFileReference; lastKnownFileType = image.jpeg; path = "1.2 All SFC Products.jpg"; sourceTree = "<group>"; };
		6ADF82A9161959F300E8FCA3 /* 1.3 Favorites.jpg */ = {isa = PBXFileReference; lastKnownFileType = image.jpeg; path = "1.3 Favorites.jpg"; sourceTree = "<group>"; };
		6ADF82AA161959F300E8FCA3 /* 1.4 Add to Favorites.jpg */ = {isa = PBXFileReference; lastKnownFileType = image.jpeg; path = "1.4 Add to Favorites.jpg"; sourceTree = "<group>"; };
		6ADF82AB161959F300E8FCA3 /* 1.5 About.jpg */ = {isa = PBXFileReference; lastKnownFileType = image.jpeg; path = "1.5 About.jpg"; sourceTree = "<group>"; };
		6ADF82AC161959F300E8FCA3 /* 2.1 SFC Product (Guidelines).jpg */ = {isa = PBXFileReference; lastKnownFileType = image.jpeg; path = "2.1 SFC Product (Guidelines).jpg"; sourceTree = "<group>"; };
		6ADF82AD161959F300E8FCA3 /* 2.3 SFC Product (POC).jpg */ = {isa = PBXFileReference; lastKnownFileType = image.jpeg; path = "2.3 SFC Product (POC).jpg"; sourceTree = "<group>"; };
		6ADF82AE161959F300E8FCA3 /* 2.5 Contact Details.jpg */ = {isa = PBXFileReference; lastKnownFileType = image.jpeg; path = "2.5 Contact Details.jpg"; sourceTree = "<group>"; };
		6ADF82AF161959F300E8FCA3 /* 2.6 Edit Contact Details.jpg */ = {isa = PBXFileReference; lastKnownFileType = image.jpeg; path = "2.6 Edit Contact Details.jpg"; sourceTree = "<group>"; };
		6ADF82B0161959F300E8FCA3 /* 2.8 Edit Notes.jpg */ = {isa = PBXFileReference; lastKnownFileType = image.jpeg; path = "2.8 Edit Notes.jpg"; sourceTree = "<group>"; };
		6ADF82B2161959F300E8FCA3 /* 1.2 All SFC Products.jpg */ = {isa = PBXFileReference; lastKnownFileType = image.jpeg; path = "1.2 All SFC Products.jpg"; sourceTree = "<group>"; };
		6ADF82B3161959F300E8FCA3 /* 1.3 Favorites.jpg */ = {isa = PBXFileReference; lastKnownFileType = image.jpeg; path = "1.3 Favorites.jpg"; sourceTree = "<group>"; };
		6ADF82B4161959F300E8FCA3 /* 1.4 Add to Favorites.jpg */ = {isa = PBXFileReference; lastKnownFileType = image.jpeg; path = "1.4 Add to Favorites.jpg"; sourceTree = "<group>"; };
		6ADF82B5161959F300E8FCA3 /* 1.5 About.jpg */ = {isa = PBXFileReference; lastKnownFileType = image.jpeg; path = "1.5 About.jpg"; sourceTree = "<group>"; };
		6ADF82B6161959F300E8FCA3 /* 2.1 SFC Product (Guidelines).jpg */ = {isa = PBXFileReference; lastKnownFileType = image.jpeg; path = "2.1 SFC Product (Guidelines).jpg"; sourceTree = "<group>"; };
		6ADF82B7161959F300E8FCA3 /* 2.2 Medical Evacuation Request 1.jpg */ = {isa = PBXFileReference; lastKnownFileType = image.jpeg; path = "2.2 Medical Evacuation Request 1.jpg"; sourceTree = "<group>"; };
		6ADF82B8161959F300E8FCA3 /* 2.2 Medical Evacuation Request 2.jpg */ = {isa = PBXFileReference; lastKnownFileType = image.jpeg; path = "2.2 Medical Evacuation Request 2.jpg"; sourceTree = "<group>"; };
		6ADF82B9161959F300E8FCA3 /* 2.3 SFC Product (POC).jpg */ = {isa = PBXFileReference; lastKnownFileType = image.jpeg; path = "2.3 SFC Product (POC).jpg"; sourceTree = "<group>"; };
		6ADF82BA161959F300E8FCA3 /* 2.4 SFC Product (Maps).jpg */ = {isa = PBXFileReference; lastKnownFileType = image.jpeg; path = "2.4 SFC Product (Maps).jpg"; sourceTree = "<group>"; };
		6ADF82BB161959F300E8FCA3 /* 2.5 Contact Details.jpg */ = {isa = PBXFileReference; lastKnownFileType = image.jpeg; path = "2.5 Contact Details.jpg"; sourceTree = "<group>"; };
		6ADF82BC161959F300E8FCA3 /* 2.6 Edit Contact Details.jpg */ = {isa = PBXFileReference; lastKnownFileType = image.jpeg; path = "2.6 Edit Contact Details.jpg"; sourceTree = "<group>"; };
		6ADF82BD161959F300E8FCA3 /* 2.7.1 Edit Points of Contact.jpg */ = {isa = PBXFileReference; lastKnownFileType = image.jpeg; path = "2.7.1 Edit Points of Contact.jpg"; sourceTree = "<group>"; };
		6ADF82BE161959F300E8FCA3 /* 2.7.2 Edit Points of Contact.jpg */ = {isa = PBXFileReference; lastKnownFileType = image.jpeg; path = "2.7.2 Edit Points of Contact.jpg"; sourceTree = "<group>"; };
		6ADF82BF161959F300E8FCA3 /* 2.8 Edit Notes.jpg */ = {isa = PBXFileReference; lastKnownFileType = image.jpeg; path = "2.8 Edit Notes.jpg"; sourceTree = "<group>"; };
		6ADF82C0161959F300E8FCA3 /* 2.9 Add Custom Entry.jpg */ = {isa = PBXFileReference; lastKnownFileType = image.jpeg; path = "2.9 Add Custom Entry.jpg"; sourceTree = "<group>"; };
		6ADF82C2161959F300E8FCA3 /* Splash Screen 0.2.mov */ = {isa = PBXFileReference; lastKnownFileType = video.quicktime; path = "Splash Screen 0.2.mov"; sourceTree = "<group>"; };
		6ADF82C4161959F300E8FCA3 /* MainStoryboard.storyboard */ = {isa = PBXFileReference; fileEncoding = 4; lastKnownFileType = file.storyboard; path = MainStoryboard.storyboard; sourceTree = "<group>"; };
		6ADF834016195B1200E8FCA3 /* NSString+RemoveQuotes.h */ = {isa = PBXFileReference; fileEncoding = 4; lastKnownFileType = sourcecode.c.h; path = "NSString+RemoveQuotes.h"; sourceTree = "<group>"; };
		6ADF834116195B1200E8FCA3 /* NSString+RemoveQuotes.m */ = {isa = PBXFileReference; fileEncoding = 4; lastKnownFileType = sourcecode.c.objc; path = "NSString+RemoveQuotes.m"; sourceTree = "<group>"; };
		6ADF834416195B8000E8FCA3 /* SFCAppDelegate.h */ = {isa = PBXFileReference; fileEncoding = 4; lastKnownFileType = sourcecode.c.h; path = SFCAppDelegate.h; sourceTree = "<group>"; };
		6ADF834516195B8000E8FCA3 /* SFCAppDelegate.m */ = {isa = PBXFileReference; fileEncoding = 4; lastKnownFileType = sourcecode.c.objc; path = SFCAppDelegate.m; sourceTree = "<group>"; };
		6ADF834816195BD900E8FCA3 /* CardDescription.h */ = {isa = PBXFileReference; fileEncoding = 4; lastKnownFileType = sourcecode.c.h; path = CardDescription.h; sourceTree = "<group>"; };
		6ADF834916195BD900E8FCA3 /* CardDescription.m */ = {isa = PBXFileReference; fileEncoding = 4; lastKnownFileType = sourcecode.c.objc; path = CardDescription.m; sourceTree = "<group>"; };
		6ADF834C16195C1300E8FCA3 /* ContactDetailDescription.h */ = {isa = PBXFileReference; fileEncoding = 4; lastKnownFileType = sourcecode.c.h; path = ContactDetailDescription.h; sourceTree = "<group>"; };
		6ADF834D16195C1300E8FCA3 /* ContactDetailDescription.m */ = {isa = PBXFileReference; fileEncoding = 4; lastKnownFileType = sourcecode.c.objc; path = ContactDetailDescription.m; sourceTree = "<group>"; };
		6ADF835016195C4400E8FCA3 /* DetailDescriptionViewController.h */ = {isa = PBXFileReference; fileEncoding = 4; lastKnownFileType = sourcecode.c.h; path = DetailDescriptionViewController.h; sourceTree = "<group>"; };
		6ADF835116195C4400E8FCA3 /* DetailDescriptionViewController.m */ = {isa = PBXFileReference; fileEncoding = 4; lastKnownFileType = sourcecode.c.objc; path = DetailDescriptionViewController.m; sourceTree = "<group>"; };
		6ADF835416195C8100E8FCA3 /* TableViewCell.h */ = {isa = PBXFileReference; fileEncoding = 4; lastKnownFileType = sourcecode.c.h; path = TableViewCell.h; sourceTree = "<group>"; };
		6ADF835516195C8100E8FCA3 /* TableViewCell.m */ = {isa = PBXFileReference; fileEncoding = 4; lastKnownFileType = sourcecode.c.objc; path = TableViewCell.m; sourceTree = "<group>"; };
		6ADF835816195CA300E8FCA3 /* FileReaderLineByLine.h */ = {isa = PBXFileReference; fileEncoding = 4; lastKnownFileType = sourcecode.c.h; path = FileReaderLineByLine.h; sourceTree = "<group>"; };
		6ADF835916195CA300E8FCA3 /* FileReaderLineByLine.m */ = {isa = PBXFileReference; fileEncoding = 4; lastKnownFileType = sourcecode.c.objc; path = FileReaderLineByLine.m; sourceTree = "<group>"; };
		6ADF835C16195CD000E8FCA3 /* SFCViewController.h */ = {isa = PBXFileReference; fileEncoding = 4; lastKnownFileType = sourcecode.c.h; path = SFCViewController.h; sourceTree = "<group>"; };
		6ADF835D16195CD000E8FCA3 /* SFCViewController.m */ = {isa = PBXFileReference; fileEncoding = 4; lastKnownFileType = sourcecode.c.objc; path = SFCViewController.m; sourceTree = "<group>"; };
		6ADF83601619655500E8FCA3 /* projectplan.pdf */ = {isa = PBXFileReference; lastKnownFileType = image.pdf; path = projectplan.pdf; sourceTree = "<group>"; };
		6ADF83631619656200E8FCA3 /* ArchitectureDiagram.pdf */ = {isa = PBXFileReference; lastKnownFileType = image.pdf; path = ArchitectureDiagram.pdf; sourceTree = "<group>"; };
		6ADF83671619677300E8FCA3 /* Favorites.xcdatamodel */ = {isa = PBXFileReference; lastKnownFileType = wrapper.xcdatamodel; path = Favorites.xcdatamodel; sourceTree = "<group>"; };
		6ADF836A1619732B00E8FCA3 /* Favorites.xcdatamodel */ = {isa = PBXFileReference; lastKnownFileType = wrapper.xcdatamodel; path = Favorites.xcdatamodel; sourceTree = "<group>"; };
		6ADF836D16197AC900E8FCA3 /* Contacts-Table.csv */ = {isa = PBXFileReference; fileEncoding = 4; lastKnownFileType = text; path = "Contacts-Table.csv"; sourceTree = "<group>"; };
		6ADF837016197AC900E8FCA3 /* SFC_content_formatted.xml */ = {isa = PBXFileReference; fileEncoding = 4; lastKnownFileType = text.xml; path = SFC_content_formatted.xml; sourceTree = "<group>"; };
		6AE58D1F16105505004434F9 /* QuartzCore.framework */ = {isa = PBXFileReference; lastKnownFileType = wrapper.framework; name = QuartzCore.framework; path = System/Library/Frameworks/QuartzCore.framework; sourceTree = SDKROOT; };
/* End PBXFileReference section */

/* Begin PBXFrameworksBuildPhase section */
		6ADE5E7F160052F600D76A53 /* Frameworks */ = {
			isa = PBXFrameworksBuildPhase;
			buildActionMask = 2147483647;
			files = (
				6AE58D2016105506004434F9 /* QuartzCore.framework in Frameworks */,
				6ADE5E87160052F600D76A53 /* UIKit.framework in Frameworks */,
				6ADEA8E0160707BA00A14E45 /* CoreData.framework in Frameworks */,
				6ADE5E89160052F600D76A53 /* Foundation.framework in Frameworks */,
				6ADE5E8B160052F600D76A53 /* CoreGraphics.framework in Frameworks */,
			);
			runOnlyForDeploymentPostprocessing = 0;
		};
/* End PBXFrameworksBuildPhase section */

/* Begin PBXGroup section */
		6ADE5E77160052F600D76A53 = {
			isa = PBXGroup;
			children = (
				6AECE5B31614176F0094BF00 /* Architecture */,
				6ADF8220161957E200E8FCA3 /* Code */,
				6ADF8210161956D600E8FCA3 /* Data Model */,
				6ADE5E85160052F600D76A53 /* Frameworks */,
				6ADE5E83160052F600D76A53 /* Products */,
			);
			sourceTree = "<group>";
		};
		6ADE5E83160052F600D76A53 /* Products */ = {
			isa = PBXGroup;
			children = (
				6ADE5E82160052F600D76A53 /* USArmySFC.app */,
			);
			name = Products;
			sourceTree = "<group>";
		};
		6ADE5E85160052F600D76A53 /* Frameworks */ = {
			isa = PBXGroup;
			children = (
				6AE58D1F16105505004434F9 /* QuartzCore.framework */,
				6ADEA8DE160707A100A14E45 /* CoreData.framework */,
				6ADE5E86160052F600D76A53 /* UIKit.framework */,
				6ADE5E88160052F600D76A53 /* Foundation.framework */,
				6ADE5E8A160052F600D76A53 /* CoreGraphics.framework */,
			);
			name = Frameworks;
			sourceTree = "<group>";
		};
		6ADF8210161956D600E8FCA3 /* Data Model */ = {
			isa = PBXGroup;
			children = (
				6ADF8211161956D600E8FCA3 /* Contact_details.h */,
				6ADF8212161956D600E8FCA3 /* Contact_details.m */,
				6ADF8213161956D600E8FCA3 /* ContactType.h */,
				6ADF8214161956D600E8FCA3 /* ContactType.m */,
				6ADF8215161956D600E8FCA3 /* Description.h */,
				6ADF8216161956D600E8FCA3 /* Description.m */,
				6ADF8217161956D600E8FCA3 /* Favorites.h */,
				6ADF8218161956D600E8FCA3 /* Favorites.m */,
				6ADF8219161956D600E8FCA3 /* Product.h */,
				6ADF821A161956D600E8FCA3 /* Product.m */,
			);
			path = "Data Model";
			sourceTree = "<group>";
		};
		6ADF8220161957E200E8FCA3 /* Code */ = {
			isa = PBXGroup;
			children = (
				6ADF8221161957E200E8FCA3 /* US Army SFC */,
				6ADF823E161959F300E8FCA3 /* Resources */,
				6ADF83651619677300E8FCA3 /* Model Structure */,
				6ADF82381619590500E8FCA3 /* Supporting Files */,
			);
			path = Code;
			sourceTree = "<group>";
		};
		6ADF8221161957E200E8FCA3 /* US Army SFC */ = {
			isa = PBXGroup;
			children = (
				6ADF833F16195B1200E8FCA3 /* Categories */,
				6ADF8222161957E200E8FCA3 /* Controllers And Models */,
			);
			path = "US Army SFC";
			sourceTree = "<group>";
		};
		6ADF8222161957E200E8FCA3 /* Controllers And Models */ = {
			isa = PBXGroup;
			children = (
				6ADF835B16195CD000E8FCA3 /* SFC Main View Controller */,
				6ADF835716195CA300E8FCA3 /* File Reader Model */,
				6ADF834316195B8000E8FCA3 /* SFCAppDelegate */,
				6ADF834716195BD900E8FCA3 /* Product Description */,
				6ADF834F16195C4400E8FCA3 /* Product Detail Description */,
				6ADF834B16195C1300E8FCA3 /* Contact Detail Description */,
				6ADF835316195C8100E8FCA3 /* Custom Cell */,
				6ADF83691619732A00E8FCA3 /* Favorites.xcdatamodeld */,
			);
			path = "Controllers And Models";
			sourceTree = "<group>";
		};
		6ADF82381619590500E8FCA3 /* Supporting Files */ = {
			isa = PBXGroup;
			children = (
				6ADF82391619590500E8FCA3 /* main.m */,
				6ADF823A1619590500E8FCA3 /* USArmySFC-Info.plist */,
				6ADF823B1619590500E8FCA3 /* USArmySFC-Prefix.pch */,
			);
			path = "Supporting Files";
			sourceTree = "<group>";
		};
		6ADF823E161959F300E8FCA3 /* Resources */ = {
			isa = PBXGroup;
			children = (
				6ADF823F161959F300E8FCA3 /* Images */,
				6ADF82C3161959F300E8FCA3 /* Storyboard */,
				6ADF836C16197AC800E8FCA3 /* CSV and XML Files */,
			);
			path = Resources;
			sourceTree = SOURCE_ROOT;
		};
		6ADF823F161959F300E8FCA3 /* Images */ = {
			isa = PBXGroup;
			children = (
				6ADF8240161959F300E8FCA3 /* 11.08.14 - design slices */,
				6ADF82A7161959F300E8FCA3 /* 11.08.31 - sfc ui design */,
				6ADF82B1161959F300E8FCA3 /* 11.09.16 - designs */,
				6ADF82C1161959F300E8FCA3 /* 11.09.26 - splash video */,
			);
			path = Images;
			sourceTree = "<group>";
		};
		6ADF8240161959F300E8FCA3 /* 11.08.14 - design slices */ = {
			isa = PBXGroup;
			children = (
				6ADF8241161959F300E8FCA3 /* Slices */,
				6ADF8265161959F300E8FCA3 /* Slices2 */,
				6ADF8289161959F300E8FCA3 /* Slices3 */,
				6ADF8290161959F300E8FCA3 /* slices4 */,
				6ADF8298161959F300E8FCA3 /* Text details */,
			);
			path = "11.08.14 - design slices";
			sourceTree = "<group>";
		};
		6ADF8241161959F300E8FCA3 /* Slices */ = {
			isa = PBXGroup;
			children = (
				6ADF8242161959F300E8FCA3 /* arrow.png */,
				6ADF8243161959F300E8FCA3 /* Bg.png */,
				6ADF8244161959F300E8FCA3 /* Bg2.png */,
				6ADF8245161959F300E8FCA3 /* cell_bottom.png */,
				6ADF8246161959F300E8FCA3 /* cell_middle.png */,
				6ADF8247161959F300E8FCA3 /* cell_top.png */,
				6ADF8248161959F300E8FCA3 /* Details.rtf */,
				6ADF8249161959F300E8FCA3 /* Favorites.xcdatamodeld */,
				6ADF824A161959F300E8FCA3 /* icon_collapse.png */,
				6ADF824B161959F300E8FCA3 /* icon_expand.png */,
				6ADF824C161959F300E8FCA3 /* list_bottom.png */,
				6ADF824D161959F300E8FCA3 /* list_middle.png */,
				6ADF824E161959F300E8FCA3 /* list_top.png */,
				6ADF824F161959F300E8FCA3 /* nav_btn_cancel_normal.png */,
				6ADF8250161959F300E8FCA3 /* nav_btn_cancel_pressed.png */,
				6ADF8251161959F300E8FCA3 /* nav_btn_done_normal.png */,
				6ADF8252161959F300E8FCA3 /* nav_btn_done_pressed.png */,
				6ADF8253161959F300E8FCA3 /* nav_btn_edit_normal.png */,
				6ADF8254161959F300E8FCA3 /* nav_btn_edit_pressed.png */,
				6ADF8255161959F300E8FCA3 /* nav_btn_feedback_normal.png */,
				6ADF8256161959F300E8FCA3 /* nav_btn_feedback_pressed.png */,
				6ADF8257161959F300E8FCA3 /* nav_btn_products_normal.png */,
				6ADF8258161959F300E8FCA3 /* nav_btn_products_pressed.png */,
				6ADF8259161959F300E8FCA3 /* nav_btn_unitsinfo_normal.png */,
				6ADF825A161959F300E8FCA3 /* nav_btn_unitsinfo_pressed.png */,
				6ADF825B161959F300E8FCA3 /* nav_btn_update_normal.png */,
				6ADF825C161959F300E8FCA3 /* nav_btn_update_pressed.png */,
				6ADF825D161959F300E8FCA3 /* star.png */,
				6ADF825E161959F300E8FCA3 /* star_normal.png */,
				6ADF825F161959F300E8FCA3 /* tab_cards_normal.png */,
				6ADF8260161959F300E8FCA3 /* tab_cards_selected.png */,
				6ADF8261161959F300E8FCA3 /* tab_fav_normal.png */,
				6ADF8262161959F300E8FCA3 /* tab_fav_selected.png */,
				6ADF8263161959F300E8FCA3 /* tab_more_normal.png */,
				6ADF8264161959F300E8FCA3 /* tab_more_selected.png */,
			);
			path = Slices;
			sourceTree = "<group>";
		};
		6ADF8265161959F300E8FCA3 /* Slices2 */ = {
			isa = PBXGroup;
			children = (
				6ADF8266161959F300E8FCA3 /* btn_air_normal.png */,
				6ADF8267161959F300E8FCA3 /* btn_air_pressed.png */,
				6ADF8268161959F300E8FCA3 /* btn_minus.png */,
				6ADF8269161959F300E8FCA3 /* btn_plus.png */,
				6ADF826A161959F300E8FCA3 /* btn_request_normal.png */,
				6ADF826B161959F300E8FCA3 /* btn_request_pressed.png */,
				6ADF826C161959F300E8FCA3 /* cell_2divide_bottom.png */,
				6ADF826D161959F300E8FCA3 /* cell_2divide_middle.png */,
				6ADF826E161959F300E8FCA3 /* cell_2divide_top.png */,
				6ADF826F161959F300E8FCA3 /* cell_3divide_bottom.png */,
				6ADF8270161959F300E8FCA3 /* cell_3divide_top.png */,
				6ADF8271161959F300E8FCA3 /* cell_single.png */,
				6ADF8272161959F300E8FCA3 /* custom_entry_bottom_normal.png */,
				6ADF8273161959F300E8FCA3 /* custom_entry_bottom_selected.png */,
				6ADF8274161959F300E8FCA3 /* custom_entry_top_normal.png */,
				6ADF8275161959F300E8FCA3 /* custom_entry_top_selected.png */,
				6ADF8276161959F300E8FCA3 /* icon.png */,
				6ADF8277161959F300E8FCA3 /* tab_btn_guidelines_normal.png */,
				6ADF8278161959F300E8FCA3 /* tab_btn_guidelines_pressed.png */,
				6ADF8279161959F300E8FCA3 /* tab_btn_maps_normal.png */,
				6ADF827A161959F300E8FCA3 /* tab_btn_maps_pressed.png */,
				6ADF827B161959F300E8FCA3 /* tab_btn_poc_normal.png */,
				6ADF827C161959F300E8FCA3 /* tab_btn_pressed_pressed.png */,
				6ADF827D161959F300E8FCA3 /* Text details */,
			);
			path = Slices2;
			sourceTree = "<group>";
		};
		6ADF827D161959F300E8FCA3 /* Text details */ = {
			isa = PBXGroup;
			children = (
				6ADF827E161959F300E8FCA3 /* Screen shot 2011-09-15 at 3.32.14 PM.png */,
				6ADF827F161959F300E8FCA3 /* Screen shot 2011-09-15 at 3.32.30 PM.png */,
				6ADF8280161959F300E8FCA3 /* Screen shot 2011-09-15 at 3.32.37 PM.png */,
				6ADF8281161959F300E8FCA3 /* Screen shot 2011-09-15 at 3.32.53 PM.png */,
				6ADF8282161959F300E8FCA3 /* Screen shot 2011-09-15 at 3.33.23 PM.png */,
				6ADF8283161959F300E8FCA3 /* Screen shot 2011-09-15 at 3.33.33 PM.png */,
				6ADF8284161959F300E8FCA3 /* Screen shot 2011-09-15 at 3.33.40 PM.png */,
				6ADF8285161959F300E8FCA3 /* Screen shot 2011-09-15 at 3.34.02 PM.png */,
				6ADF8286161959F300E8FCA3 /* Screen shot 2011-09-15 at 3.34.12 PM.png */,
				6ADF8287161959F300E8FCA3 /* Screen shot 2011-09-15 at 3.34.21 PM.png */,
				6ADF8288161959F300E8FCA3 /* Screen shot 2011-09-15 at 3.34.32 PM.png */,
			);
			path = "Text details";
			sourceTree = "<group>";
		};
		6ADF8289161959F300E8FCA3 /* Slices3 */ = {
			isa = PBXGroup;
			children = (
				6ADF828A161959F300E8FCA3 /* bullet.png */,
				6ADF828B161959F300E8FCA3 /* cell_bottom.png */,
				6ADF828C161959F300E8FCA3 /* cell_divider.png */,
				6ADF828D161959F300E8FCA3 /* cell_middle.png */,
				6ADF828E161959F300E8FCA3 /* cell_top.png */,
				6ADF828F161959F300E8FCA3 /* note_divider.png */,
			);
			path = Slices3;
			sourceTree = "<group>";
		};
		6ADF8290161959F300E8FCA3 /* slices4 */ = {
			isa = PBXGroup;
			children = (
				6ADF8291161959F300E8FCA3 /* bg_1.png */,
				6ADF8292161959F300E8FCA3 /* bg_full.png */,
				6ADF8293161959F300E8FCA3 /* cell1.png */,
				6ADF8294161959F300E8FCA3 /* cell2.png */,
				6ADF8295161959F300E8FCA3 /* cell_repeat_middle.png */,
				6ADF8296161959F300E8FCA3 /* gradient.png */,
				6ADF8297161959F300E8FCA3 /* map_bg.png */,
			);
			path = slices4;
			sourceTree = "<group>";
		};
		6ADF8298161959F300E8FCA3 /* Text details */ = {
			isa = PBXGroup;
			children = (
				6ADF8299161959F300E8FCA3 /* Screen shot 2011-09-14 at 6.19.56 PM.png */,
				6ADF829A161959F300E8FCA3 /* Screen shot 2011-09-14 at 6.20.23 PM.png */,
				6ADF829B161959F300E8FCA3 /* Screen shot 2011-09-14 at 6.20.59 PM.png */,
				6ADF829C161959F300E8FCA3 /* Screen shot 2011-09-14 at 6.21.53 PM.png */,
				6ADF829D161959F300E8FCA3 /* Screen shot 2011-09-14 at 6.22.18 PM.png */,
				6ADF829E161959F300E8FCA3 /* Screen shot 2011-09-14 at 6.23.07 PM.png */,
				6ADF829F161959F300E8FCA3 /* Screen shot 2011-09-14 at 6.23.33 PM.png */,
				6ADF82A0161959F300E8FCA3 /* Screen shot 2011-09-14 at 6.23.57 PM.png */,
				6ADF82A1161959F300E8FCA3 /* Screen shot 2011-09-14 at 6.24.07 PM.png */,
				6ADF82A2161959F300E8FCA3 /* Screen shot 2011-09-14 at 6.24.15 PM.png */,
				6ADF82A3161959F300E8FCA3 /* Screen shot 2011-09-14 at 6.25.12 PM.png */,
				6ADF82A4161959F300E8FCA3 /* Screen shot 2011-09-14 at 6.25.49 PM.png */,
				6ADF82A5161959F300E8FCA3 /* Screen shot 2011-09-14 at 6.26.17 PM.png */,
				6ADF82A6161959F300E8FCA3 /* Screen shot 2011-09-14 at 6.26.28 PM.png */,
			);
			path = "Text details";
			sourceTree = "<group>";
		};
		6ADF82A7161959F300E8FCA3 /* 11.08.31 - sfc ui design */ = {
			isa = PBXGroup;
			children = (
				6ADF82A8161959F300E8FCA3 /* 1.2 All SFC Products.jpg */,
				6ADF82A9161959F300E8FCA3 /* 1.3 Favorites.jpg */,
				6ADF82AA161959F300E8FCA3 /* 1.4 Add to Favorites.jpg */,
				6ADF82AB161959F300E8FCA3 /* 1.5 About.jpg */,
				6ADF82AC161959F300E8FCA3 /* 2.1 SFC Product (Guidelines).jpg */,
				6ADF82AD161959F300E8FCA3 /* 2.3 SFC Product (POC).jpg */,
				6ADF82AE161959F300E8FCA3 /* 2.5 Contact Details.jpg */,
				6ADF82AF161959F300E8FCA3 /* 2.6 Edit Contact Details.jpg */,
				6ADF82B0161959F300E8FCA3 /* 2.8 Edit Notes.jpg */,
			);
			path = "11.08.31 - sfc ui design";
			sourceTree = "<group>";
		};
		6ADF82B1161959F300E8FCA3 /* 11.09.16 - designs */ = {
			isa = PBXGroup;
			children = (
				6ADF82B2161959F300E8FCA3 /* 1.2 All SFC Products.jpg */,
				6ADF82B3161959F300E8FCA3 /* 1.3 Favorites.jpg */,
				6ADF82B4161959F300E8FCA3 /* 1.4 Add to Favorites.jpg */,
				6ADF82B5161959F300E8FCA3 /* 1.5 About.jpg */,
				6ADF82B6161959F300E8FCA3 /* 2.1 SFC Product (Guidelines).jpg */,
				6ADF82B7161959F300E8FCA3 /* 2.2 Medical Evacuation Request 1.jpg */,
				6ADF82B8161959F300E8FCA3 /* 2.2 Medical Evacuation Request 2.jpg */,
				6ADF82B9161959F300E8FCA3 /* 2.3 SFC Product (POC).jpg */,
				6ADF82BA161959F300E8FCA3 /* 2.4 SFC Product (Maps).jpg */,
				6ADF82BB161959F300E8FCA3 /* 2.5 Contact Details.jpg */,
				6ADF82BC161959F300E8FCA3 /* 2.6 Edit Contact Details.jpg */,
				6ADF82BD161959F300E8FCA3 /* 2.7.1 Edit Points of Contact.jpg */,
				6ADF82BE161959F300E8FCA3 /* 2.7.2 Edit Points of Contact.jpg */,
				6ADF82BF161959F300E8FCA3 /* 2.8 Edit Notes.jpg */,
				6ADF82C0161959F300E8FCA3 /* 2.9 Add Custom Entry.jpg */,
			);
			path = "11.09.16 - designs";
			sourceTree = "<group>";
		};
		6ADF82C1161959F300E8FCA3 /* 11.09.26 - splash video */ = {
			isa = PBXGroup;
			children = (
				6ADF82C2161959F300E8FCA3 /* Splash Screen 0.2.mov */,
			);
			path = "11.09.26 - splash video";
			sourceTree = "<group>";
		};
		6ADF82C3161959F300E8FCA3 /* Storyboard */ = {
			isa = PBXGroup;
			children = (
				6ADF82C4161959F300E8FCA3 /* MainStoryboard.storyboard */,
			);
			path = Storyboard;
			sourceTree = "<group>";
		};
		6ADF833F16195B1200E8FCA3 /* Categories */ = {
			isa = PBXGroup;
			children = (
				6ADF834016195B1200E8FCA3 /* NSString+RemoveQuotes.h */,
				6ADF834116195B1200E8FCA3 /* NSString+RemoveQuotes.m */,
			);
			path = Categories;
			sourceTree = "<group>";
		};
		6ADF834316195B8000E8FCA3 /* SFCAppDelegate */ = {
			isa = PBXGroup;
			children = (
				6ADF834416195B8000E8FCA3 /* SFCAppDelegate.h */,
				6ADF834516195B8000E8FCA3 /* SFCAppDelegate.m */,
			);
			path = SFCAppDelegate;
			sourceTree = "<group>";
		};
		6ADF834716195BD900E8FCA3 /* Product Description */ = {
			isa = PBXGroup;
			children = (
				6ADF834816195BD900E8FCA3 /* CardDescription.h */,
				6ADF834916195BD900E8FCA3 /* CardDescription.m */,
			);
			path = "Product Description";
			sourceTree = "<group>";
		};
		6ADF834B16195C1300E8FCA3 /* Contact Detail Description */ = {
			isa = PBXGroup;
			children = (
				6ADF834C16195C1300E8FCA3 /* ContactDetailDescription.h */,
				6ADF834D16195C1300E8FCA3 /* ContactDetailDescription.m */,
			);
			path = "Contact Detail Description";
			sourceTree = "<group>";
		};
		6ADF834F16195C4400E8FCA3 /* Product Detail Description */ = {
			isa = PBXGroup;
			children = (
				6ADF835016195C4400E8FCA3 /* DetailDescriptionViewController.h */,
				6ADF835116195C4400E8FCA3 /* DetailDescriptionViewController.m */,
			);
			path = "Product Detail Description";
			sourceTree = "<group>";
		};
		6ADF835316195C8100E8FCA3 /* Custom Cell */ = {
			isa = PBXGroup;
			children = (
				6ADF835416195C8100E8FCA3 /* TableViewCell.h */,
				6ADF835516195C8100E8FCA3 /* TableViewCell.m */,
			);
			path = "Custom Cell";
			sourceTree = "<group>";
		};
		6ADF835716195CA300E8FCA3 /* File Reader Model */ = {
			isa = PBXGroup;
			children = (
				6ADF835816195CA300E8FCA3 /* FileReaderLineByLine.h */,
				6ADF835916195CA300E8FCA3 /* FileReaderLineByLine.m */,
			);
			path = "File Reader Model";
			sourceTree = "<group>";
		};
		6ADF835B16195CD000E8FCA3 /* SFC Main View Controller */ = {
			isa = PBXGroup;
			children = (
				6ADF835C16195CD000E8FCA3 /* SFCViewController.h */,
				6ADF835D16195CD000E8FCA3 /* SFCViewController.m */,
			);
			path = "SFC Main View Controller";
			sourceTree = "<group>";
		};
		6ADF835F1619655500E8FCA3 /* Project Plan */ = {
			isa = PBXGroup;
			children = (
				6ADF83601619655500E8FCA3 /* projectplan.pdf */,
			);
			name = "Project Plan";
			path = "Architecture/Project Plan";
			sourceTree = "<group>";
		};
		6ADF83621619656200E8FCA3 /* Diagram */ = {
			isa = PBXGroup;
			children = (
				6ADF83631619656200E8FCA3 /* ArchitectureDiagram.pdf */,
			);
			name = Diagram;
			path = Architecture/Diagram;
			sourceTree = "<group>";
		};
		6ADF83651619677300E8FCA3 /* Model Structure */ = {
			isa = PBXGroup;
			children = (
				6ADF83661619677300E8FCA3 /* Favorites.xcdatamodeld */,
			);
			path = "Model Structure";
			sourceTree = SOURCE_ROOT;
		};
		6ADF836C16197AC800E8FCA3 /* CSV and XML Files */ = {
			isa = PBXGroup;
			children = (
				6ADF836D16197AC900E8FCA3 /* Contacts-Table.csv */,
				6A9D49471619805D009D846B /* Guidelines_Table.csv */,
				6ADF837016197AC900E8FCA3 /* SFC_content_formatted.xml */,
			);
			path = "CSV and XML Files";
			sourceTree = "<group>";
		};
		6AECE5B31614176F0094BF00 /* Architecture */ = {
			isa = PBXGroup;
			children = (
				6ADF83621619656200E8FCA3 /* Diagram */,
				6ADF835F1619655500E8FCA3 /* Project Plan */,
			);
			name = Architecture;
			sourceTree = "<group>";
		};
/* End PBXGroup section */

/* Begin PBXNativeTarget section */
		6ADE5E81160052F600D76A53 /* USArmySFC */ = {
			isa = PBXNativeTarget;
			buildConfigurationList = 6ADE5EA0160052F600D76A53 /* Build configuration list for PBXNativeTarget "USArmySFC" */;
			buildPhases = (
				6ADE5E7E160052F600D76A53 /* Sources */,
				6ADE5E7F160052F600D76A53 /* Frameworks */,
				6ADE5E80160052F600D76A53 /* Resources */,
			);
			buildRules = (
			);
			dependencies = (
			);
			name = USArmySFC;
			productName = USArmySFC;
			productReference = 6ADE5E82160052F600D76A53 /* USArmySFC.app */;
			productType = "com.apple.product-type.application";
		};
/* End PBXNativeTarget section */

/* Begin PBXProject section */
		6ADE5E79160052F600D76A53 /* Project object */ = {
			isa = PBXProject;
			attributes = {
				CLASSPREFIX = SFC;
				LastUpgradeCheck = 0430;
			};
			buildConfigurationList = 6ADE5E7C160052F600D76A53 /* Build configuration list for PBXProject "USArmySFC" */;
			compatibilityVersion = "Xcode 3.2";
			developmentRegion = English;
			hasScannedForEncodings = 0;
			knownRegions = (
				en,
			);
			mainGroup = 6ADE5E77160052F600D76A53;
			productRefGroup = 6ADE5E83160052F600D76A53 /* Products */;
			projectDirPath = "";
			projectRoot = "";
			targets = (
				6ADE5E81160052F600D76A53 /* USArmySFC */,
			);
		};
/* End PBXProject section */

/* Begin PBXResourcesBuildPhase section */
		6ADE5E80160052F600D76A53 /* Resources */ = {
			isa = PBXResourcesBuildPhase;
			buildActionMask = 2147483647;
			files = (
				6ADF823D1619590500E8FCA3 /* USArmySFC-Info.plist in Resources */,
				6ADF82C5161959F300E8FCA3 /* arrow.png in Resources */,
				6ADF82C6161959F300E8FCA3 /* Bg.png in Resources */,
				6ADF82C7161959F300E8FCA3 /* Bg2.png in Resources */,
				6ADF82CB161959F300E8FCA3 /* Details.rtf in Resources */,
				6ADF82CD161959F300E8FCA3 /* icon_collapse.png in Resources */,
				6ADF82CE161959F300E8FCA3 /* icon_expand.png in Resources */,
				6ADF82CF161959F300E8FCA3 /* list_bottom.png in Resources */,
				6ADF82D0161959F300E8FCA3 /* list_middle.png in Resources */,
				6ADF82D1161959F300E8FCA3 /* list_top.png in Resources */,
				6ADF82D2161959F300E8FCA3 /* nav_btn_cancel_normal.png in Resources */,
				6ADF82D3161959F300E8FCA3 /* nav_btn_cancel_pressed.png in Resources */,
				6ADF82D4161959F300E8FCA3 /* nav_btn_done_normal.png in Resources */,
				6ADF82D5161959F300E8FCA3 /* nav_btn_done_pressed.png in Resources */,
				6ADF82D6161959F300E8FCA3 /* nav_btn_edit_normal.png in Resources */,
				6ADF82D7161959F300E8FCA3 /* nav_btn_edit_pressed.png in Resources */,
				6ADF82D8161959F300E8FCA3 /* nav_btn_feedback_normal.png in Resources */,
				6ADF82D9161959F300E8FCA3 /* nav_btn_feedback_pressed.png in Resources */,
				6ADF82DA161959F300E8FCA3 /* nav_btn_products_normal.png in Resources */,
				6ADF82DB161959F300E8FCA3 /* nav_btn_products_pressed.png in Resources */,
				6ADF82DC161959F300E8FCA3 /* nav_btn_unitsinfo_normal.png in Resources */,
				6ADF82DD161959F300E8FCA3 /* nav_btn_unitsinfo_pressed.png in Resources */,
				6ADF82DE161959F300E8FCA3 /* nav_btn_update_normal.png in Resources */,
				6ADF82DF161959F300E8FCA3 /* nav_btn_update_pressed.png in Resources */,
				6ADF82E0161959F300E8FCA3 /* star.png in Resources */,
				6ADF82E1161959F300E8FCA3 /* star_normal.png in Resources */,
				6ADF82E2161959F300E8FCA3 /* tab_cards_normal.png in Resources */,
				6ADF82E3161959F300E8FCA3 /* tab_cards_selected.png in Resources */,
				6ADF82E4161959F300E8FCA3 /* tab_fav_normal.png in Resources */,
				6ADF82E5161959F300E8FCA3 /* tab_fav_selected.png in Resources */,
				6ADF82E6161959F300E8FCA3 /* tab_more_normal.png in Resources */,
				6ADF82E7161959F300E8FCA3 /* tab_more_selected.png in Resources */,
				6ADF82E8161959F300E8FCA3 /* btn_air_normal.png in Resources */,
				6ADF82E9161959F300E8FCA3 /* btn_air_pressed.png in Resources */,
				6ADF82EA161959F300E8FCA3 /* btn_minus.png in Resources */,
				6ADF82EB161959F300E8FCA3 /* btn_plus.png in Resources */,
				6ADF82EC161959F300E8FCA3 /* btn_request_normal.png in Resources */,
				6ADF82ED161959F300E8FCA3 /* btn_request_pressed.png in Resources */,
				6ADF82EE161959F300E8FCA3 /* cell_2divide_bottom.png in Resources */,
				6ADF82EF161959F300E8FCA3 /* cell_2divide_middle.png in Resources */,
				6ADF82F0161959F300E8FCA3 /* cell_2divide_top.png in Resources */,
				6ADF82F1161959F300E8FCA3 /* cell_3divide_bottom.png in Resources */,
				6ADF82F2161959F300E8FCA3 /* cell_3divide_top.png in Resources */,
				6ADF82F3161959F300E8FCA3 /* cell_single.png in Resources */,
				6ADF82F4161959F300E8FCA3 /* custom_entry_bottom_normal.png in Resources */,
				6ADF82F5161959F300E8FCA3 /* custom_entry_bottom_selected.png in Resources */,
				6ADF82F6161959F300E8FCA3 /* custom_entry_top_normal.png in Resources */,
				6ADF82F7161959F300E8FCA3 /* custom_entry_top_selected.png in Resources */,
				6ADF82F8161959F300E8FCA3 /* icon.png in Resources */,
				6ADF82F9161959F300E8FCA3 /* tab_btn_guidelines_normal.png in Resources */,
				6ADF82FA161959F300E8FCA3 /* tab_btn_guidelines_pressed.png in Resources */,
				6ADF82FB161959F300E8FCA3 /* tab_btn_maps_normal.png in Resources */,
				6ADF82FC161959F300E8FCA3 /* tab_btn_maps_pressed.png in Resources */,
				6ADF82FD161959F300E8FCA3 /* tab_btn_poc_normal.png in Resources */,
				6ADF82FE161959F300E8FCA3 /* tab_btn_pressed_pressed.png in Resources */,
				6ADF82FF161959F300E8FCA3 /* Screen shot 2011-09-15 at 3.32.14 PM.png in Resources */,
				6ADF8300161959F300E8FCA3 /* Screen shot 2011-09-15 at 3.32.30 PM.png in Resources */,
				6ADF8301161959F300E8FCA3 /* Screen shot 2011-09-15 at 3.32.37 PM.png in Resources */,
				6ADF8302161959F300E8FCA3 /* Screen shot 2011-09-15 at 3.32.53 PM.png in Resources */,
				6ADF8303161959F300E8FCA3 /* Screen shot 2011-09-15 at 3.33.23 PM.png in Resources */,
				6ADF8304161959F300E8FCA3 /* Screen shot 2011-09-15 at 3.33.33 PM.png in Resources */,
				6ADF8305161959F300E8FCA3 /* Screen shot 2011-09-15 at 3.33.40 PM.png in Resources */,
				6ADF8306161959F300E8FCA3 /* Screen shot 2011-09-15 at 3.34.02 PM.png in Resources */,
				6ADF8307161959F300E8FCA3 /* Screen shot 2011-09-15 at 3.34.12 PM.png in Resources */,
				6ADF8308161959F300E8FCA3 /* Screen shot 2011-09-15 at 3.34.21 PM.png in Resources */,
				6ADF8309161959F300E8FCA3 /* Screen shot 2011-09-15 at 3.34.32 PM.png in Resources */,
				6ADF830A161959F300E8FCA3 /* bullet.png in Resources */,
				6ADF830B161959F300E8FCA3 /* cell_bottom.png in Resources */,
				6ADF830C161959F300E8FCA3 /* cell_divider.png in Resources */,
				6ADF830D161959F300E8FCA3 /* cell_middle.png in Resources */,
				6ADF830E161959F300E8FCA3 /* cell_top.png in Resources */,
				6ADF830F161959F300E8FCA3 /* note_divider.png in Resources */,
				6ADF8310161959F300E8FCA3 /* bg_1.png in Resources */,
				6ADF8311161959F300E8FCA3 /* bg_full.png in Resources */,
				6ADF8312161959F300E8FCA3 /* cell1.png in Resources */,
				6ADF8313161959F300E8FCA3 /* cell2.png in Resources */,
				6ADF8314161959F300E8FCA3 /* cell_repeat_middle.png in Resources */,
				6ADF8315161959F300E8FCA3 /* gradient.png in Resources */,
				6ADF8316161959F300E8FCA3 /* map_bg.png in Resources */,
				6ADF8317161959F300E8FCA3 /* Screen shot 2011-09-14 at 6.19.56 PM.png in Resources */,
				6ADF8318161959F300E8FCA3 /* Screen shot 2011-09-14 at 6.20.23 PM.png in Resources */,
				6ADF8319161959F300E8FCA3 /* Screen shot 2011-09-14 at 6.20.59 PM.png in Resources */,
				6ADF831A161959F300E8FCA3 /* Screen shot 2011-09-14 at 6.21.53 PM.png in Resources */,
				6ADF831B161959F300E8FCA3 /* Screen shot 2011-09-14 at 6.22.18 PM.png in Resources */,
				6ADF831C161959F300E8FCA3 /* Screen shot 2011-09-14 at 6.23.07 PM.png in Resources */,
				6ADF831D161959F300E8FCA3 /* Screen shot 2011-09-14 at 6.23.33 PM.png in Resources */,
				6ADF831E161959F300E8FCA3 /* Screen shot 2011-09-14 at 6.23.57 PM.png in Resources */,
				6ADF831F161959F300E8FCA3 /* Screen shot 2011-09-14 at 6.24.07 PM.png in Resources */,
				6ADF8320161959F300E8FCA3 /* Screen shot 2011-09-14 at 6.24.15 PM.png in Resources */,
				6ADF8321161959F300E8FCA3 /* Screen shot 2011-09-14 at 6.25.12 PM.png in Resources */,
				6ADF8322161959F300E8FCA3 /* Screen shot 2011-09-14 at 6.25.49 PM.png in Resources */,
				6ADF8323161959F300E8FCA3 /* Screen shot 2011-09-14 at 6.26.17 PM.png in Resources */,
				6ADF8324161959F300E8FCA3 /* Screen shot 2011-09-14 at 6.26.28 PM.png in Resources */,
				6ADF8327161959F300E8FCA3 /* 1.4 Add to Favorites.jpg in Resources */,
				6ADF8328161959F300E8FCA3 /* 1.5 About.jpg in Resources */,
				6ADF8329161959F300E8FCA3 /* 2.1 SFC Product (Guidelines).jpg in Resources */,
				6ADF832A161959F300E8FCA3 /* 2.3 SFC Product (POC).jpg in Resources */,
				6ADF832B161959F300E8FCA3 /* 2.5 Contact Details.jpg in Resources */,
				6ADF832E161959F300E8FCA3 /* 1.2 All SFC Products.jpg in Resources */,
				6ADF832F161959F300E8FCA3 /* 1.3 Favorites.jpg in Resources */,
				6ADF8333161959F300E8FCA3 /* 2.2 Medical Evacuation Request 1.jpg in Resources */,
				6ADF8334161959F300E8FCA3 /* 2.2 Medical Evacuation Request 2.jpg in Resources */,
				6ADF8336161959F300E8FCA3 /* 2.4 SFC Product (Maps).jpg in Resources */,
				6ADF8338161959F300E8FCA3 /* 2.6 Edit Contact Details.jpg in Resources */,
				6ADF8339161959F300E8FCA3 /* 2.7.1 Edit Points of Contact.jpg in Resources */,
				6ADF833A161959F300E8FCA3 /* 2.7.2 Edit Points of Contact.jpg in Resources */,
				6ADF833B161959F300E8FCA3 /* 2.8 Edit Notes.jpg in Resources */,
				6ADF833C161959F300E8FCA3 /* 2.9 Add Custom Entry.jpg in Resources */,
				6ADF833D161959F300E8FCA3 /* Splash Screen 0.2.mov in Resources */,
				6ADF833E161959F300E8FCA3 /* MainStoryboard.storyboard in Resources */,
				6ADF83611619655500E8FCA3 /* projectplan.pdf in Resources */,
				6ADF83641619656200E8FCA3 /* ArchitectureDiagram.pdf in Resources */,
				6ADF837116197AC900E8FCA3 /* Contacts-Table.csv in Resources */,
				6ADF837416197AC900E8FCA3 /* SFC_content_formatted.xml in Resources */,
				6A9D49481619805D009D846B /* Guidelines_Table.csv in Resources */,
			);
			runOnlyForDeploymentPostprocessing = 0;
		};
/* End PBXResourcesBuildPhase section */

/* Begin PBXSourcesBuildPhase section */
		6ADE5E7E160052F600D76A53 /* Sources */ = {
			isa = PBXSourcesBuildPhase;
			buildActionMask = 2147483647;
			files = (
				6ADF821B161956D600E8FCA3 /* Contact_details.m in Sources */,
				6ADF821C161956D600E8FCA3 /* ContactType.m in Sources */,
				6ADF821D161956D600E8FCA3 /* Description.m in Sources */,
				6ADF821E161956D600E8FCA3 /* Favorites.m in Sources */,
				6ADF821F161956D600E8FCA3 /* Product.m in Sources */,
				6ADF823C1619590500E8FCA3 /* main.m in Sources */,
				6ADF834216195B1200E8FCA3 /* NSString+RemoveQuotes.m in Sources */,
				6ADF834616195B8000E8FCA3 /* SFCAppDelegate.m in Sources */,
				6ADF834A16195BD900E8FCA3 /* CardDescription.m in Sources */,
				6ADF834E16195C1300E8FCA3 /* ContactDetailDescription.m in Sources */,
				6ADF835216195C4400E8FCA3 /* DetailDescriptionViewController.m in Sources */,
				6ADF835616195C8100E8FCA3 /* TableViewCell.m in Sources */,
				6ADF835A16195CA300E8FCA3 /* FileReaderLineByLine.m in Sources */,
				6ADF835E16195CD000E8FCA3 /* SFCViewController.m in Sources */,
				6ADF83681619677300E8FCA3 /* Favorites.xcdatamodeld in Sources */,
			);
			runOnlyForDeploymentPostprocessing = 0;
		};
/* End PBXSourcesBuildPhase section */

/* Begin XCBuildConfiguration section */
		6ADE5E9E160052F600D76A53 /* Debug */ = {
			isa = XCBuildConfiguration;
			buildSettings = {
				ALWAYS_SEARCH_USER_PATHS = NO;
				ARCHS = "$(ARCHS_STANDARD_32_BIT)";
				CLANG_ENABLE_OBJC_ARC = YES;
				CODE_SIGN_IDENTITY = "iPhone Developer: Rohit Singal (UGQKS7R3ZE)";
				"CODE_SIGN_IDENTITY[sdk=iphoneos*]" = "iPhone Developer: Rohit Singal (UGQKS7R3ZE)";
				COPY_PHASE_STRIP = NO;
				FRAMEWORK_SEARCH_PATHS = (
					"$(DEVELOPER_LIBRARY_DIR)/Frameworks/**",
					"$(SDKROOT)/Developer/Library/Frameworks/**",
				);
				GCC_C_LANGUAGE_STANDARD = gnu99;
				GCC_DYNAMIC_NO_PIC = NO;
				GCC_OPTIMIZATION_LEVEL = 0;
				GCC_PREPROCESSOR_DEFINITIONS = (
					"DEBUG=1",
					"$(inherited)",
				);
				GCC_SYMBOLS_PRIVATE_EXTERN = NO;
				GCC_VERSION = com.apple.compilers.llvm.clang.1_0;
				GCC_WARN_ABOUT_RETURN_TYPE = YES;
				GCC_WARN_UNINITIALIZED_AUTOS = YES;
				GCC_WARN_UNUSED_VARIABLE = YES;
				IPHONEOS_DEPLOYMENT_TARGET = 5.0;
				PROVISIONING_PROFILE = "";
				"PROVISIONING_PROFILE[sdk=iphoneos*]" = "";
				SDKROOT = iphoneos;
			};
			name = Debug;
		};
		6ADE5E9F160052F600D76A53 /* Release */ = {
			isa = XCBuildConfiguration;
			buildSettings = {
				ALWAYS_SEARCH_USER_PATHS = NO;
				ARCHS = "$(ARCHS_STANDARD_32_BIT)";
				CLANG_ENABLE_OBJC_ARC = YES;
				CODE_SIGN_IDENTITY = "iPhone Developer: Rohit Singal (UGQKS7R3ZE)";
				"CODE_SIGN_IDENTITY[sdk=iphoneos*]" = "iPhone Developer: Rohit Singal (UGQKS7R3ZE)";
				COPY_PHASE_STRIP = YES;
				FRAMEWORK_SEARCH_PATHS = (
					"$(DEVELOPER_LIBRARY_DIR)/Frameworks/**",
					"$(SDKROOT)/Developer/Library/Frameworks/**",
				);
				GCC_C_LANGUAGE_STANDARD = gnu99;
				GCC_VERSION = com.apple.compilers.llvm.clang.1_0;
				GCC_WARN_ABOUT_RETURN_TYPE = YES;
				GCC_WARN_UNINITIALIZED_AUTOS = YES;
				GCC_WARN_UNUSED_VARIABLE = YES;
				IPHONEOS_DEPLOYMENT_TARGET = 5.0;
				OTHER_CFLAGS = "-DNS_BLOCK_ASSERTIONS=1";
				PROVISIONING_PROFILE = "";
				"PROVISIONING_PROFILE[sdk=iphoneos*]" = "";
				SDKROOT = iphoneos;
				VALIDATE_PRODUCT = YES;
			};
			name = Release;
		};
		6ADE5EA1160052F600D76A53 /* Debug */ = {
			isa = XCBuildConfiguration;
			buildSettings = {
				FRAMEWORK_SEARCH_PATHS = (
					"$(inherited)",
					"\"$(SYSTEM_APPS_DIR)/Xcode.app/Contents/Developer/Library/Frameworks\"",
				);
				GCC_PRECOMPILE_PREFIX_HEADER = YES;
				GCC_PREFIX_HEADER = "USArmySFC/USArmySFC-Prefix.pch";
				INFOPLIST_FILE = "USArmySFC/USArmySFC-Info.plist";
				PRODUCT_NAME = "$(TARGET_NAME)";
				WRAPPER_EXTENSION = app;
			};
			name = Debug;
		};
		6ADE5EA2160052F600D76A53 /* Release */ = {
			isa = XCBuildConfiguration;
			buildSettings = {
				FRAMEWORK_SEARCH_PATHS = (
					"$(inherited)",
					"\"$(SYSTEM_APPS_DIR)/Xcode.app/Contents/Developer/Library/Frameworks\"",
				);
				GCC_PRECOMPILE_PREFIX_HEADER = YES;
				GCC_PREFIX_HEADER = "USArmySFC/USArmySFC-Prefix.pch";
				INFOPLIST_FILE = "USArmySFC/USArmySFC-Info.plist";
				PRODUCT_NAME = "$(TARGET_NAME)";
				WRAPPER_EXTENSION = app;
			};
			name = Release;
		};
/* End XCBuildConfiguration section */

/* Begin XCConfigurationList section */
		6ADE5E7C160052F600D76A53 /* Build configuration list for PBXProject "USArmySFC" */ = {
			isa = XCConfigurationList;
			buildConfigurations = (
				6ADE5E9E160052F600D76A53 /* Debug */,
				6ADE5E9F160052F600D76A53 /* Release */,
			);
			defaultConfigurationIsVisible = 0;
			defaultConfigurationName = Release;
		};
		6ADE5EA0160052F600D76A53 /* Build configuration list for PBXNativeTarget "USArmySFC" */ = {
			isa = XCConfigurationList;
			buildConfigurations = (
				6ADE5EA1160052F600D76A53 /* Debug */,
				6ADE5EA2160052F600D76A53 /* Release */,
			);
			defaultConfigurationIsVisible = 0;
			defaultConfigurationName = Release;
		};
/* End XCConfigurationList section */

/* Begin XCVersionGroup section */
		6ADF8249161959F300E8FCA3 /* Favorites.xcdatamodeld */ = {
			isa = XCVersionGroup;
			children = (
			);
			path = Favorites.xcdatamodeld;
			sourceTree = "<group>";
			versionGroupType = wrapper.xcdatamodel;
		};
		6ADF83661619677300E8FCA3 /* Favorites.xcdatamodeld */ = {
			isa = XCVersionGroup;
			children = (
				6ADF83671619677300E8FCA3 /* Favorites.xcdatamodel */,
			);
			currentVersion = 6ADF83671619677300E8FCA3 /* Favorites.xcdatamodel */;
			path = Favorites.xcdatamodeld;
			sourceTree = "<group>";
			versionGroupType = wrapper.xcdatamodel;
		};
		6ADF83691619732A00E8FCA3 /* Favorites.xcdatamodeld */ = {
			isa = XCVersionGroup;
			children = (
				6ADF836A1619732B00E8FCA3 /* Favorites.xcdatamodel */,
			);
			currentVersion = 6ADF836A1619732B00E8FCA3 /* Favorites.xcdatamodel */;
			name = Favorites.xcdatamodeld;
			path = "../../../Model Structure/Favorites.xcdatamodeld";
			sourceTree = "<group>";
			versionGroupType = wrapper.xcdatamodel;
		};
/* End XCVersionGroup section */
	};
	rootObject = 6ADE5E79160052F600D76A53 /* Project object */;
}
